// !$*UTF8*$!
{
	archiveVersion = 1;
	classes = {
	};
	objectVersion = 50;
	objects = {

/* Begin PBXBuildFile section */
		2FC22E9AD5D475867F7038C7 /* Pods_AlefAdTavUITests.framework in Frameworks */ = {isa = PBXBuildFile; fileRef = 1BB84AA02436D2F1CBCECD23 /* Pods_AlefAdTavUITests.framework */; };
		432FFDD822D26A9100ED81CF /* SubjectViewController.swift in Sources */ = {isa = PBXBuildFile; fileRef = 432FFDD722D26A9100ED81CF /* SubjectViewController.swift */; };
		432FFDDA22DCD28600ED81CF /* AppUtility.swift in Sources */ = {isa = PBXBuildFile; fileRef = 432FFDD922DCD28600ED81CF /* AppUtility.swift */; };
		432FFDDC22DCD76100ED81CF /* AllLettersViewController.swift in Sources */ = {isa = PBXBuildFile; fileRef = 432FFDDB22DCD76100ED81CF /* AllLettersViewController.swift */; };
		438146C222CF52C900D7B306 /* AppDelegate.swift in Sources */ = {isa = PBXBuildFile; fileRef = 438146C122CF52C900D7B306 /* AppDelegate.swift */; };
		438146C422CF52C900D7B306 /* MainViewController.swift in Sources */ = {isa = PBXBuildFile; fileRef = 438146C322CF52C900D7B306 /* MainViewController.swift */; };
		438146C722CF52C900D7B306 /* Main.storyboard in Resources */ = {isa = PBXBuildFile; fileRef = 438146C522CF52C900D7B306 /* Main.storyboard */; };
		438146C922CF52CB00D7B306 /* Assets.xcassets in Resources */ = {isa = PBXBuildFile; fileRef = 438146C822CF52CB00D7B306 /* Assets.xcassets */; };
		438146CC22CF52CB00D7B306 /* LaunchScreen.storyboard in Resources */ = {isa = PBXBuildFile; fileRef = 438146CA22CF52CB00D7B306 /* LaunchScreen.storyboard */; };
		438146D722CF52CB00D7B306 /* AlefAdTavTests.swift in Sources */ = {isa = PBXBuildFile; fileRef = 438146D622CF52CB00D7B306 /* AlefAdTavTests.swift */; };
		438146E222CF52CB00D7B306 /* AlefAdTavUITests.swift in Sources */ = {isa = PBXBuildFile; fileRef = 438146E122CF52CB00D7B306 /* AlefAdTavUITests.swift */; };
		4392626E22E76C24000B67C6 /* LetterWritingViewController.swift in Sources */ = {isa = PBXBuildFile; fileRef = 4392626D22E76C24000B67C6 /* LetterWritingViewController.swift */; };
		4392627422E87B15000B67C6 /* LetterProgressCell.swift in Sources */ = {isa = PBXBuildFile; fileRef = 4392627222E87B15000B67C6 /* LetterProgressCell.swift */; };
		4392627522E87B15000B67C6 /* LetterProgressCell.xib in Resources */ = {isa = PBXBuildFile; fileRef = 4392627322E87B15000B67C6 /* LetterProgressCell.xib */; };
		4392627722E9EBA7000B67C6 /* LetterGameViewController.swift in Sources */ = {isa = PBXBuildFile; fileRef = 4392627622E9EBA7000B67C6 /* LetterGameViewController.swift */; };
		4392627922ED84BF000B67C6 /* LetterIntroViewController.swift in Sources */ = {isa = PBXBuildFile; fileRef = 4392627822ED84BF000B67C6 /* LetterIntroViewController.swift */; };
		4392629322EDC10D000B67C6 /* samech.mp3 in Resources */ = {isa = PBXBuildFile; fileRef = 4392627D22EDC10C000B67C6 /* samech.mp3 */; };
		4392629422EDC10D000B67C6 /* lamed.mp3 in Resources */ = {isa = PBXBuildFile; fileRef = 4392627E22EDC10C000B67C6 /* lamed.mp3 */; };
		4392629522EDC10D000B67C6 /* heit.mp3 in Resources */ = {isa = PBXBuildFile; fileRef = 4392627F22EDC10C000B67C6 /* heit.mp3 */; };
		4392629622EDC10D000B67C6 /* gimel.mp3 in Resources */ = {isa = PBXBuildFile; fileRef = 4392628022EDC10C000B67C6 /* gimel.mp3 */; };
		4392629722EDC10D000B67C6 /* vav.mp3 in Resources */ = {isa = PBXBuildFile; fileRef = 4392628122EDC10C000B67C6 /* vav.mp3 */; };
		4392629822EDC10D000B67C6 /* pey.mp3 in Resources */ = {isa = PBXBuildFile; fileRef = 4392628222EDC10D000B67C6 /* pey.mp3 */; };
		4392629922EDC10D000B67C6 /* ain.mp3 in Resources */ = {isa = PBXBuildFile; fileRef = 4392628322EDC10D000B67C6 /* ain.mp3 */; };
		4392629A22EDC10D000B67C6 /* yod.mp3 in Resources */ = {isa = PBXBuildFile; fileRef = 4392628422EDC10D000B67C6 /* yod.mp3 */; };
		4392629B22EDC10D000B67C6 /* zain.mp3 in Resources */ = {isa = PBXBuildFile; fileRef = 4392628522EDC10D000B67C6 /* zain.mp3 */; };
		4392629C22EDC10D000B67C6 /* daled.mp3 in Resources */ = {isa = PBXBuildFile; fileRef = 4392628622EDC10D000B67C6 /* daled.mp3 */; };
		4392629D22EDC10D000B67C6 /* kuf.mp3 in Resources */ = {isa = PBXBuildFile; fileRef = 4392628722EDC10D000B67C6 /* kuf.mp3 */; };
		4392629E22EDC10D000B67C6 /* tav.mp3 in Resources */ = {isa = PBXBuildFile; fileRef = 4392628822EDC10D000B67C6 /* tav.mp3 */; };
		4392629F22EDC10D000B67C6 /* mem.mp3 in Resources */ = {isa = PBXBuildFile; fileRef = 4392628922EDC10D000B67C6 /* mem.mp3 */; };
		439262A022EDC10D000B67C6 /* zadi.mp3 in Resources */ = {isa = PBXBuildFile; fileRef = 4392628A22EDC10D000B67C6 /* zadi.mp3 */; };
		439262A122EDC10D000B67C6 /* tet.mp3 in Resources */ = {isa = PBXBuildFile; fileRef = 4392628B22EDC10D000B67C6 /* tet.mp3 */; };
		439262A222EDC10D000B67C6 /* bet.mp3 in Resources */ = {isa = PBXBuildFile; fileRef = 4392628C22EDC10D000B67C6 /* bet.mp3 */; };
		439262A322EDC10D000B67C6 /* reish.mp3 in Resources */ = {isa = PBXBuildFile; fileRef = 4392628D22EDC10D000B67C6 /* reish.mp3 */; };
		439262A422EDC10D000B67C6 /* shin.mp3 in Resources */ = {isa = PBXBuildFile; fileRef = 4392628E22EDC10D000B67C6 /* shin.mp3 */; };
		439262A522EDC10D000B67C6 /* alef.mp3 in Resources */ = {isa = PBXBuildFile; fileRef = 4392628F22EDC10D000B67C6 /* alef.mp3 */; };
		439262A622EDC10D000B67C6 /* hey.mp3 in Resources */ = {isa = PBXBuildFile; fileRef = 4392629022EDC10D000B67C6 /* hey.mp3 */; };
		439262A722EDC10D000B67C6 /* nun.mp3 in Resources */ = {isa = PBXBuildFile; fileRef = 4392629122EDC10D000B67C6 /* nun.mp3 */; };
		439262A822EDC10D000B67C6 /* kaf.mp3 in Resources */ = {isa = PBXBuildFile; fileRef = 4392629222EDC10D000B67C6 /* kaf.mp3 */; };
		439262B222EE0581000B67C6 /* click_on_images_male.mp3 in Resources */ = {isa = PBXBuildFile; fileRef = 439262AC22EE0581000B67C6 /* click_on_images_male.mp3 */; };
		439262B322EE0581000B67C6 /* correct_sound.mp3 in Resources */ = {isa = PBXBuildFile; fileRef = 439262AD22EE0581000B67C6 /* correct_sound.mp3 */; };
		439262B422EE0581000B67C6 /* incorrect_sound.mp3 in Resources */ = {isa = PBXBuildFile; fileRef = 439262AE22EE0581000B67C6 /* incorrect_sound.mp3 */; };
		439262B522EE0581000B67C6 /* click_on_images_female.mp3 in Resources */ = {isa = PBXBuildFile; fileRef = 439262AF22EE0581000B67C6 /* click_on_images_female.mp3 */; };
		439262B622EE0581000B67C6 /* preview_again_male.mp3 in Resources */ = {isa = PBXBuildFile; fileRef = 439262B022EE0581000B67C6 /* preview_again_male.mp3 */; };
		439262B722EE0581000B67C6 /* preview_again_female.mp3 in Resources */ = {isa = PBXBuildFile; fileRef = 439262B122EE0581000B67C6 /* preview_again_female.mp3 */; };
		4392631622EE064C000B67C6 /* books_sound.mp3 in Resources */ = {isa = PBXBuildFile; fileRef = 439262BD22EE0644000B67C6 /* books_sound.mp3 */; };
		4392631722EE064C000B67C6 /* egg_sound.mp3 in Resources */ = {isa = PBXBuildFile; fileRef = 439262BE22EE0644000B67C6 /* egg_sound.mp3 */; };
		4392631822EE064C000B67C6 /* chair_sound.mp3 in Resources */ = {isa = PBXBuildFile; fileRef = 439262BF22EE0644000B67C6 /* chair_sound.mp3 */; };
		4392631922EE064C000B67C6 /* drop_sound.mp3 in Resources */ = {isa = PBXBuildFile; fileRef = 439262C022EE0644000B67C6 /* drop_sound.mp3 */; };
		4392631A22EE064C000B67C6 /* remote_sound.mp3 in Resources */ = {isa = PBXBuildFile; fileRef = 439262C122EE0644000B67C6 /* remote_sound.mp3 */; };
		4392631B22EE064C000B67C6 /* cheese_sound.mp3 in Resources */ = {isa = PBXBuildFile; fileRef = 439262C222EE0644000B67C6 /* cheese_sound.mp3 */; };
		4392631C22EE064C000B67C6 /* cow_sound.mp3 in Resources */ = {isa = PBXBuildFile; fileRef = 439262C322EE0644000B67C6 /* cow_sound.mp3 */; };
		4392631D22EE064C000B67C6 /* dove_sound.mp3 in Resources */ = {isa = PBXBuildFile; fileRef = 439262C422EE0645000B67C6 /* dove_sound.mp3 */; };
		4392631E22EE064C000B67C6 /* chips_sound.mp3 in Resources */ = {isa = PBXBuildFile; fileRef = 439262C522EE0645000B67C6 /* chips_sound.mp3 */; };
		4392631F22EE064C000B67C6 /* butterfly_sound.mp3 in Resources */ = {isa = PBXBuildFile; fileRef = 439262C622EE0645000B67C6 /* butterfly_sound.mp3 */; };
		4392632022EE064C000B67C6 /* officer_sound.mp3 in Resources */ = {isa = PBXBuildFile; fileRef = 439262C722EE0645000B67C6 /* officer_sound.mp3 */; };
		4392632122EE064C000B67C6 /* cotton_candy_sound.mp3 in Resources */ = {isa = PBXBuildFile; fileRef = 439262C822EE0645000B67C6 /* cotton_candy_sound.mp3 */; };
		4392632222EE064C000B67C6 /* cat_sound.mp3 in Resources */ = {isa = PBXBuildFile; fileRef = 439262C922EE0645000B67C6 /* cat_sound.mp3 */; };
		4392632322EE064C000B67C6 /* fish_sound.mp3 in Resources */ = {isa = PBXBuildFile; fileRef = 439262CA22EE0645000B67C6 /* fish_sound.mp3 */; };
		4392632422EE064C000B67C6 /* dog_sound.mp3 in Resources */ = {isa = PBXBuildFile; fileRef = 439262CB22EE0645000B67C6 /* dog_sound.mp3 */; };
		4392632522EE064C000B67C6 /* lemon_sound.mp3 in Resources */ = {isa = PBXBuildFile; fileRef = 439262CC22EE0645000B67C6 /* lemon_sound.mp3 */; };
		4392632622EE064C000B67C6 /* owl_sound.mp3 in Resources */ = {isa = PBXBuildFile; fileRef = 439262CD22EE0645000B67C6 /* owl_sound.mp3 */; };
		4392632722EE064C000B67C6 /* pencil_case_sound.mp3 in Resources */ = {isa = PBXBuildFile; fileRef = 439262CE22EE0645000B67C6 /* pencil_case_sound.mp3 */; };
		4392632822EE064C000B67C6 /* shoes_sound.mp3 in Resources */ = {isa = PBXBuildFile; fileRef = 439262CF22EE0645000B67C6 /* shoes_sound.mp3 */; };
		4392632922EE064C000B67C6 /* steering_wheel_sound.mp3 in Resources */ = {isa = PBXBuildFile; fileRef = 439262D022EE0645000B67C6 /* steering_wheel_sound.mp3 */; };
		4392632A22EE064C000B67C6 /* curtain_sound.mp3 in Resources */ = {isa = PBXBuildFile; fileRef = 439262D122EE0645000B67C6 /* curtain_sound.mp3 */; };
		4392632B22EE064C000B67C6 /* drums_sound.mp3 in Resources */ = {isa = PBXBuildFile; fileRef = 439262D222EE0645000B67C6 /* drums_sound.mp3 */; };
		4392632C22EE064C000B67C6 /* ball_sound.mp3 in Resources */ = {isa = PBXBuildFile; fileRef = 439262D322EE0646000B67C6 /* ball_sound.mp3 */; };
		4392632D22EE064C000B67C6 /* house_sound.mp3 in Resources */ = {isa = PBXBuildFile; fileRef = 439262D422EE0646000B67C6 /* house_sound.mp3 */; };
		4392632E22EE064C000B67C6 /* heart_sound.mp3 in Resources */ = {isa = PBXBuildFile; fileRef = 439262D522EE0646000B67C6 /* heart_sound.mp3 */; };
		4392632F22EE064C000B67C6 /* kite_sound.mp3 in Resources */ = {isa = PBXBuildFile; fileRef = 439262D622EE0646000B67C6 /* kite_sound.mp3 */; };
		4392633022EE064C000B67C6 /* parrot_sound.mp3 in Resources */ = {isa = PBXBuildFile; fileRef = 439262D722EE0646000B67C6 /* parrot_sound.mp3 */; };
		4392633122EE064C000B67C6 /* pig_sound.mp3 in Resources */ = {isa = PBXBuildFile; fileRef = 439262D822EE0646000B67C6 /* pig_sound.mp3 */; };
		4392633222EE064C000B67C6 /* thunder_sound.mp3 in Resources */ = {isa = PBXBuildFile; fileRef = 439262D922EE0646000B67C6 /* thunder_sound.mp3 */; };
		4392633322EE064C000B67C6 /* bun_sound.mp3 in Resources */ = {isa = PBXBuildFile; fileRef = 439262DA22EE0646000B67C6 /* bun_sound.mp3 */; };
		4392633422EE064C000B67C6 /* giraffe_sound.mp3 in Resources */ = {isa = PBXBuildFile; fileRef = 439262DB22EE0646000B67C6 /* giraffe_sound.mp3 */; };
		4392633522EE064C000B67C6 /* mountain_sound.mp3 in Resources */ = {isa = PBXBuildFile; fileRef = 439262DC22EE0646000B67C6 /* mountain_sound.mp3 */; };
		4392633622EE064C000B67C6 /* rose_sound.mp3 in Resources */ = {isa = PBXBuildFile; fileRef = 439262DD22EE0646000B67C6 /* rose_sound.mp3 */; };
		4392633722EE064C000B67C6 /* shell_sound.mp3 in Resources */ = {isa = PBXBuildFile; fileRef = 439262DE22EE0647000B67C6 /* shell_sound.mp3 */; };
		4392633822EE064C000B67C6 /* old_sound.mp3 in Resources */ = {isa = PBXBuildFile; fileRef = 439262DF22EE0647000B67C6 /* old_sound.mp3 */; };
		4392633922EE064C000B67C6 /* whale_sound.mp3 in Resources */ = {isa = PBXBuildFile; fileRef = 439262E022EE0647000B67C6 /* whale_sound.mp3 */; };
		4392633A22EE064C000B67C6 /* chocolate_sound.mp3 in Resources */ = {isa = PBXBuildFile; fileRef = 439262E122EE0647000B67C6 /* chocolate_sound.mp3 */; };
		4392633B22EE064C000B67C6 /* traffic_light_sound.mp3 in Resources */ = {isa = PBXBuildFile; fileRef = 439262E222EE0647000B67C6 /* traffic_light_sound.mp3 */; };
		4392633C22EE064C000B67C6 /* hotdog_sound.mp3 in Resources */ = {isa = PBXBuildFile; fileRef = 439262E322EE0647000B67C6 /* hotdog_sound.mp3 */; };
		4392633D22EE064C000B67C6 /* circle_sound.mp3 in Resources */ = {isa = PBXBuildFile; fileRef = 439262E422EE0647000B67C6 /* circle_sound.mp3 */; };
		4392633E22EE064C000B67C6 /* hippo_sound.mp3 in Resources */ = {isa = PBXBuildFile; fileRef = 439262E522EE0647000B67C6 /* hippo_sound.mp3 */; };
		4392633F22EE064C000B67C6 /* pomegrant_sound.mp3 in Resources */ = {isa = PBXBuildFile; fileRef = 439262E622EE0648000B67C6 /* pomegrant_sound.mp3 */; };
		4392634022EE064C000B67C6 /* bone_sound.mp3 in Resources */ = {isa = PBXBuildFile; fileRef = 439262E722EE0648000B67C6 /* bone_sound.mp3 */; };
		4392634122EE064C000B67C6 /* bicycle_sound.mp3 in Resources */ = {isa = PBXBuildFile; fileRef = 439262E822EE0648000B67C6 /* bicycle_sound.mp3 */; };
		4392634222EE064C000B67C6 /* candle_sound.mp3 in Resources */ = {isa = PBXBuildFile; fileRef = 439262E922EE0648000B67C6 /* candle_sound.mp3 */; };
		4392634322EE064C000B67C6 /* lion_sound.mp3 in Resources */ = {isa = PBXBuildFile; fileRef = 439262EA22EE0648000B67C6 /* lion_sound.mp3 */; };
		4392634422EE064C000B67C6 /* tractor_sound.mp3 in Resources */ = {isa = PBXBuildFile; fileRef = 439262EB22EE0648000B67C6 /* tractor_sound.mp3 */; };
		4392634522EE064C000B67C6 /* camera_sound.mp3 in Resources */ = {isa = PBXBuildFile; fileRef = 439262EC22EE0648000B67C6 /* camera_sound.mp3 */; };
		4392634622EE064C000B67C6 /* spinning_top_sound.mp3 in Resources */ = {isa = PBXBuildFile; fileRef = 439262ED22EE0648000B67C6 /* spinning_top_sound.mp3 */; };
		4392634722EE064C000B67C6 /* banana_sound.mp3 in Resources */ = {isa = PBXBuildFile; fileRef = 439262EE22EE0648000B67C6 /* banana_sound.mp3 */; };
		4392634822EE064C000B67C6 /* hat_sound.mp3 in Resources */ = {isa = PBXBuildFile; fileRef = 439262EF22EE0649000B67C6 /* hat_sound.mp3 */; };
		4392634922EE064C000B67C6 /* apple_sound.mp3 in Resources */ = {isa = PBXBuildFile; fileRef = 439262F022EE0649000B67C6 /* apple_sound.mp3 */; };
		4392634A22EE064C000B67C6 /* carrot_sound.mp3 in Resources */ = {isa = PBXBuildFile; fileRef = 439262F122EE0649000B67C6 /* carrot_sound.mp3 */; };
		4392634B22EE064C000B67C6 /* camel_sound.mp3 in Resources */ = {isa = PBXBuildFile; fileRef = 439262F222EE0649000B67C6 /* camel_sound.mp3 */; };
		4392634C22EE064C000B67C6 /* waffles_sound.mp3 in Resources */ = {isa = PBXBuildFile; fileRef = 439262F322EE0649000B67C6 /* waffles_sound.mp3 */; };
		4392634D22EE064C000B67C6 /* honey_sound.mp3 in Resources */ = {isa = PBXBuildFile; fileRef = 439262F422EE0649000B67C6 /* honey_sound.mp3 */; };
		4392634E22EE064C000B67C6 /* zebra_sound.mp3 in Resources */ = {isa = PBXBuildFile; fileRef = 439262F522EE0649000B67C6 /* zebra_sound.mp3 */; };
		4392634F22EE064C000B67C6 /* peacock_sound.mp3 in Resources */ = {isa = PBXBuildFile; fileRef = 439262F622EE0649000B67C6 /* peacock_sound.mp3 */; };
		4392635022EE064C000B67C6 /* sunglasses_sound.mp3 in Resources */ = {isa = PBXBuildFile; fileRef = 439262F722EE064A000B67C6 /* sunglasses_sound.mp3 */; };
		4392635122EE064C000B67C6 /* flashlight_sound.mp3 in Resources */ = {isa = PBXBuildFile; fileRef = 439262F822EE064A000B67C6 /* flashlight_sound.mp3 */; };
		4392635222EE064C000B67C6 /* doctor_sound.mp3 in Resources */ = {isa = PBXBuildFile; fileRef = 439262F922EE064A000B67C6 /* doctor_sound.mp3 */; };
		4392635322EE064C000B67C6 /* rainbow_sound.mp3 in Resources */ = {isa = PBXBuildFile; fileRef = 439262FA22EE064A000B67C6 /* rainbow_sound.mp3 */; };
		4392635422EE064C000B67C6 /* baby_sound.mp3 in Resources */ = {isa = PBXBuildFile; fileRef = 439262FB22EE064A000B67C6 /* baby_sound.mp3 */; };
		4392635522EE064C000B67C6 /* gold_sound.mp3 in Resources */ = {isa = PBXBuildFile; fileRef = 439262FC22EE064A000B67C6 /* gold_sound.mp3 */; };
		4392635622EE064C000B67C6 /* bear_sound.mp3 in Resources */ = {isa = PBXBuildFile; fileRef = 439262FD22EE064A000B67C6 /* bear_sound.mp3 */; };
		4392635722EE064C000B67C6 /* snail_sound.mp3 in Resources */ = {isa = PBXBuildFile; fileRef = 439262FE22EE064A000B67C6 /* snail_sound.mp3 */; };
		4392635822EE064C000B67C6 /* pear_sound.mp3 in Resources */ = {isa = PBXBuildFile; fileRef = 439262FF22EE064A000B67C6 /* pear_sound.mp3 */; };
		4392635922EE064C000B67C6 /* menorah_sound.mp3 in Resources */ = {isa = PBXBuildFile; fileRef = 4392630022EE064A000B67C6 /* menorah_sound.mp3 */; };
		4392635A22EE064C000B67C6 /* garlic_sound.mp3 in Resources */ = {isa = PBXBuildFile; fileRef = 4392630122EE064A000B67C6 /* garlic_sound.mp3 */; };
		4392635B22EE064C000B67C6 /* pink_sound.mp3 in Resources */ = {isa = PBXBuildFile; fileRef = 4392630222EE064B000B67C6 /* pink_sound.mp3 */; };
		4392635C22EE064C000B67C6 /* kangoroo.mp3 in Resources */ = {isa = PBXBuildFile; fileRef = 4392630322EE064B000B67C6 /* kangoroo.mp3 */; };
		4392635D22EE064C000B67C6 /* ear_sound.mp3 in Resources */ = {isa = PBXBuildFile; fileRef = 4392630422EE064B000B67C6 /* ear_sound.mp3 */; };
		4392635E22EE064C000B67C6 /* pregnancy_sound.mp3 in Resources */ = {isa = PBXBuildFile; fileRef = 4392630522EE064B000B67C6 /* pregnancy_sound.mp3 */; };
		4392635F22EE064C000B67C6 /* fireworks_sound.mp3 in Resources */ = {isa = PBXBuildFile; fileRef = 4392630622EE064B000B67C6 /* fireworks_sound.mp3 */; };
		4392636022EE064C000B67C6 /* umbrella_sound.mp3 in Resources */ = {isa = PBXBuildFile; fileRef = 4392630722EE064B000B67C6 /* umbrella_sound.mp3 */; };
		4392636122EE064C000B67C6 /* tv_sound.mp3 in Resources */ = {isa = PBXBuildFile; fileRef = 4392630822EE064B000B67C6 /* tv_sound.mp3 */; };
		4392636222EE064C000B67C6 /* horse_sound.mp3 in Resources */ = {isa = PBXBuildFile; fileRef = 4392630922EE064B000B67C6 /* horse_sound.mp3 */; };
		4392636322EE064C000B67C6 /* snake_sound.mp3 in Resources */ = {isa = PBXBuildFile; fileRef = 4392630A22EE064B000B67C6 /* snake_sound.mp3 */; };
		4392636422EE064C000B67C6 /* beard_sound.mp3 in Resources */ = {isa = PBXBuildFile; fileRef = 4392630B22EE064B000B67C6 /* beard_sound.mp3 */; };
		4392636522EE064C000B67C6 /* coconut_sound.mp3 in Resources */ = {isa = PBXBuildFile; fileRef = 4392630C22EE064B000B67C6 /* coconut_sound.mp3 */; };
		4392636622EE064C000B67C6 /* hammer_sound.mp3 in Resources */ = {isa = PBXBuildFile; fileRef = 4392630D22EE064B000B67C6 /* hammer_sound.mp3 */; };
		4392636722EE064C000B67C6 /* bed_sound.mp3 in Resources */ = {isa = PBXBuildFile; fileRef = 4392630E22EE064B000B67C6 /* bed_sound.mp3 */; };
		4392636822EE064C000B67C6 /* mosquito_sound.mp3 in Resources */ = {isa = PBXBuildFile; fileRef = 4392630F22EE064B000B67C6 /* mosquito_sound.mp3 */; };
		4392636922EE064C000B67C6 /* dolphin_sound.mp3 in Resources */ = {isa = PBXBuildFile; fileRef = 4392631022EE064C000B67C6 /* dolphin_sound.mp3 */; };
		4392636A22EE064C000B67C6 /* legs_sound.mp3 in Resources */ = {isa = PBXBuildFile; fileRef = 4392631122EE064C000B67C6 /* legs_sound.mp3 */; };
		4392636B22EE064C000B67C6 /* wine_sound.mp3 in Resources */ = {isa = PBXBuildFile; fileRef = 4392631222EE064C000B67C6 /* wine_sound.mp3 */; };
		4392636C22EE064C000B67C6 /* eyes_sound.mp3 in Resources */ = {isa = PBXBuildFile; fileRef = 4392631322EE064C000B67C6 /* eyes_sound.mp3 */; };
		4392636D22EE064C000B67C6 /* turtle_sound.mp3 in Resources */ = {isa = PBXBuildFile; fileRef = 4392631422EE064C000B67C6 /* turtle_sound.mp3 */; };
		4392636E22EE064C000B67C6 /* squirrel_sound.mp3 in Resources */ = {isa = PBXBuildFile; fileRef = 4392631522EE064C000B67C6 /* squirrel_sound.mp3 */; };
		85BF0D1CA2EE5BF99583A202 /* Pods_AlefAdTavTests.framework in Frameworks */ = {isa = PBXBuildFile; fileRef = 59187F860C162223E6AB02A3 /* Pods_AlefAdTavTests.framework */; };
/* End PBXBuildFile section */

/* Begin PBXContainerItemProxy section */
		438146D322CF52CB00D7B306 /* PBXContainerItemProxy */ = {
			isa = PBXContainerItemProxy;
			containerPortal = 438146B622CF52C900D7B306 /* Project object */;
			proxyType = 1;
			remoteGlobalIDString = 438146BD22CF52C900D7B306;
			remoteInfo = AlefAdTav;
		};
		438146DE22CF52CB00D7B306 /* PBXContainerItemProxy */ = {
			isa = PBXContainerItemProxy;
			containerPortal = 438146B622CF52C900D7B306 /* Project object */;
			proxyType = 1;
			remoteGlobalIDString = 438146BD22CF52C900D7B306;
			remoteInfo = AlefAdTav;
		};
/* End PBXContainerItemProxy section */

/* Begin PBXFileReference section */
		1BB84AA02436D2F1CBCECD23 /* Pods_AlefAdTavUITests.framework */ = {isa = PBXFileReference; explicitFileType = wrapper.framework; includeInIndex = 0; path = Pods_AlefAdTavUITests.framework; sourceTree = BUILT_PRODUCTS_DIR; };
		30E492BF3FA7C4531DD650BA /* Pods-AlefAdTav.debug.xcconfig */ = {isa = PBXFileReference; includeInIndex = 1; lastKnownFileType = text.xcconfig; name = "Pods-AlefAdTav.debug.xcconfig"; path = "Pods/Target Support Files/Pods-AlefAdTav/Pods-AlefAdTav.debug.xcconfig"; sourceTree = "<group>"; };
		3C9AF046FE790A720767B1E9 /* Pods-AlefAdTavUITests.debug.xcconfig */ = {isa = PBXFileReference; includeInIndex = 1; lastKnownFileType = text.xcconfig; name = "Pods-AlefAdTavUITests.debug.xcconfig"; path = "Pods/Target Support Files/Pods-AlefAdTavUITests/Pods-AlefAdTavUITests.debug.xcconfig"; sourceTree = "<group>"; };
		432FFDD722D26A9100ED81CF /* SubjectViewController.swift */ = {isa = PBXFileReference; lastKnownFileType = sourcecode.swift; path = SubjectViewController.swift; sourceTree = "<group>"; };
		432FFDD922DCD28600ED81CF /* AppUtility.swift */ = {isa = PBXFileReference; lastKnownFileType = sourcecode.swift; path = AppUtility.swift; sourceTree = "<group>"; };
		432FFDDB22DCD76100ED81CF /* AllLettersViewController.swift */ = {isa = PBXFileReference; lastKnownFileType = sourcecode.swift; path = AllLettersViewController.swift; sourceTree = "<group>"; };
		438146BE22CF52C900D7B306 /* AlefAdTav.app */ = {isa = PBXFileReference; explicitFileType = wrapper.application; includeInIndex = 0; path = AlefAdTav.app; sourceTree = BUILT_PRODUCTS_DIR; };
		438146C122CF52C900D7B306 /* AppDelegate.swift */ = {isa = PBXFileReference; lastKnownFileType = sourcecode.swift; path = AppDelegate.swift; sourceTree = "<group>"; };
		438146C322CF52C900D7B306 /* MainViewController.swift */ = {isa = PBXFileReference; lastKnownFileType = sourcecode.swift; path = MainViewController.swift; sourceTree = "<group>"; };
		438146C622CF52C900D7B306 /* Base */ = {isa = PBXFileReference; lastKnownFileType = file.storyboard; name = Base; path = Base.lproj/Main.storyboard; sourceTree = "<group>"; };
		438146C822CF52CB00D7B306 /* Assets.xcassets */ = {isa = PBXFileReference; lastKnownFileType = folder.assetcatalog; path = Assets.xcassets; sourceTree = "<group>"; };
		438146CB22CF52CB00D7B306 /* Base */ = {isa = PBXFileReference; lastKnownFileType = file.storyboard; name = Base; path = Base.lproj/LaunchScreen.storyboard; sourceTree = "<group>"; };
		438146CD22CF52CB00D7B306 /* Info.plist */ = {isa = PBXFileReference; lastKnownFileType = text.plist.xml; path = Info.plist; sourceTree = "<group>"; };
		438146D222CF52CB00D7B306 /* AlefAdTavTests.xctest */ = {isa = PBXFileReference; explicitFileType = wrapper.cfbundle; includeInIndex = 0; path = AlefAdTavTests.xctest; sourceTree = BUILT_PRODUCTS_DIR; };
		438146D622CF52CB00D7B306 /* AlefAdTavTests.swift */ = {isa = PBXFileReference; lastKnownFileType = sourcecode.swift; path = AlefAdTavTests.swift; sourceTree = "<group>"; };
		438146D822CF52CB00D7B306 /* Info.plist */ = {isa = PBXFileReference; lastKnownFileType = text.plist.xml; path = Info.plist; sourceTree = "<group>"; };
		438146DD22CF52CB00D7B306 /* AlefAdTavUITests.xctest */ = {isa = PBXFileReference; explicitFileType = wrapper.cfbundle; includeInIndex = 0; path = AlefAdTavUITests.xctest; sourceTree = BUILT_PRODUCTS_DIR; };
		438146E122CF52CB00D7B306 /* AlefAdTavUITests.swift */ = {isa = PBXFileReference; lastKnownFileType = sourcecode.swift; path = AlefAdTavUITests.swift; sourceTree = "<group>"; };
		438146E322CF52CB00D7B306 /* Info.plist */ = {isa = PBXFileReference; lastKnownFileType = text.plist.xml; path = Info.plist; sourceTree = "<group>"; };
		4392626D22E76C24000B67C6 /* LetterWritingViewController.swift */ = {isa = PBXFileReference; lastKnownFileType = sourcecode.swift; path = LetterWritingViewController.swift; sourceTree = "<group>"; };
		4392627222E87B15000B67C6 /* LetterProgressCell.swift */ = {isa = PBXFileReference; lastKnownFileType = sourcecode.swift; path = LetterProgressCell.swift; sourceTree = "<group>"; };
		4392627322E87B15000B67C6 /* LetterProgressCell.xib */ = {isa = PBXFileReference; lastKnownFileType = file.xib; path = LetterProgressCell.xib; sourceTree = "<group>"; };
		4392627622E9EBA7000B67C6 /* LetterGameViewController.swift */ = {isa = PBXFileReference; lastKnownFileType = sourcecode.swift; path = LetterGameViewController.swift; sourceTree = "<group>"; };
		4392627822ED84BF000B67C6 /* LetterIntroViewController.swift */ = {isa = PBXFileReference; fileEncoding = 4; lastKnownFileType = sourcecode.swift; path = LetterIntroViewController.swift; sourceTree = "<group>"; };
		4392627D22EDC10C000B67C6 /* samech.mp3 */ = {isa = PBXFileReference; lastKnownFileType = audio.mp3; path = samech.mp3; sourceTree = "<group>"; };
		4392627E22EDC10C000B67C6 /* lamed.mp3 */ = {isa = PBXFileReference; lastKnownFileType = audio.mp3; path = lamed.mp3; sourceTree = "<group>"; };
		4392627F22EDC10C000B67C6 /* heit.mp3 */ = {isa = PBXFileReference; lastKnownFileType = audio.mp3; path = heit.mp3; sourceTree = "<group>"; };
		4392628022EDC10C000B67C6 /* gimel.mp3 */ = {isa = PBXFileReference; lastKnownFileType = audio.mp3; path = gimel.mp3; sourceTree = "<group>"; };
		4392628122EDC10C000B67C6 /* vav.mp3 */ = {isa = PBXFileReference; lastKnownFileType = audio.mp3; path = vav.mp3; sourceTree = "<group>"; };
		4392628222EDC10D000B67C6 /* pey.mp3 */ = {isa = PBXFileReference; lastKnownFileType = audio.mp3; path = pey.mp3; sourceTree = "<group>"; };
		4392628322EDC10D000B67C6 /* ain.mp3 */ = {isa = PBXFileReference; lastKnownFileType = audio.mp3; path = ain.mp3; sourceTree = "<group>"; };
		4392628422EDC10D000B67C6 /* yod.mp3 */ = {isa = PBXFileReference; lastKnownFileType = audio.mp3; path = yod.mp3; sourceTree = "<group>"; };
		4392628522EDC10D000B67C6 /* zain.mp3 */ = {isa = PBXFileReference; lastKnownFileType = audio.mp3; path = zain.mp3; sourceTree = "<group>"; };
		4392628622EDC10D000B67C6 /* daled.mp3 */ = {isa = PBXFileReference; lastKnownFileType = audio.mp3; path = daled.mp3; sourceTree = "<group>"; };
		4392628722EDC10D000B67C6 /* kuf.mp3 */ = {isa = PBXFileReference; lastKnownFileType = audio.mp3; path = kuf.mp3; sourceTree = "<group>"; };
		4392628822EDC10D000B67C6 /* tav.mp3 */ = {isa = PBXFileReference; lastKnownFileType = audio.mp3; path = tav.mp3; sourceTree = "<group>"; };
		4392628922EDC10D000B67C6 /* mem.mp3 */ = {isa = PBXFileReference; lastKnownFileType = audio.mp3; path = mem.mp3; sourceTree = "<group>"; };
		4392628A22EDC10D000B67C6 /* zadi.mp3 */ = {isa = PBXFileReference; lastKnownFileType = audio.mp3; path = zadi.mp3; sourceTree = "<group>"; };
		4392628B22EDC10D000B67C6 /* tet.mp3 */ = {isa = PBXFileReference; lastKnownFileType = audio.mp3; path = tet.mp3; sourceTree = "<group>"; };
		4392628C22EDC10D000B67C6 /* bet.mp3 */ = {isa = PBXFileReference; lastKnownFileType = audio.mp3; path = bet.mp3; sourceTree = "<group>"; };
		4392628D22EDC10D000B67C6 /* reish.mp3 */ = {isa = PBXFileReference; lastKnownFileType = audio.mp3; path = reish.mp3; sourceTree = "<group>"; };
		4392628E22EDC10D000B67C6 /* shin.mp3 */ = {isa = PBXFileReference; lastKnownFileType = audio.mp3; path = shin.mp3; sourceTree = "<group>"; };
		4392628F22EDC10D000B67C6 /* alef.mp3 */ = {isa = PBXFileReference; lastKnownFileType = audio.mp3; path = alef.mp3; sourceTree = "<group>"; };
		4392629022EDC10D000B67C6 /* hey.mp3 */ = {isa = PBXFileReference; lastKnownFileType = audio.mp3; path = hey.mp3; sourceTree = "<group>"; };
		4392629122EDC10D000B67C6 /* nun.mp3 */ = {isa = PBXFileReference; lastKnownFileType = audio.mp3; path = nun.mp3; sourceTree = "<group>"; };
		4392629222EDC10D000B67C6 /* kaf.mp3 */ = {isa = PBXFileReference; lastKnownFileType = audio.mp3; path = kaf.mp3; sourceTree = "<group>"; };
		439262AC22EE0581000B67C6 /* click_on_images_male.mp3 */ = {isa = PBXFileReference; lastKnownFileType = audio.mp3; path = click_on_images_male.mp3; sourceTree = "<group>"; };
		439262AD22EE0581000B67C6 /* correct_sound.mp3 */ = {isa = PBXFileReference; lastKnownFileType = audio.mp3; path = correct_sound.mp3; sourceTree = "<group>"; };
		439262AE22EE0581000B67C6 /* incorrect_sound.mp3 */ = {isa = PBXFileReference; lastKnownFileType = audio.mp3; path = incorrect_sound.mp3; sourceTree = "<group>"; };
		439262AF22EE0581000B67C6 /* click_on_images_female.mp3 */ = {isa = PBXFileReference; lastKnownFileType = audio.mp3; path = click_on_images_female.mp3; sourceTree = "<group>"; };
		439262B022EE0581000B67C6 /* preview_again_male.mp3 */ = {isa = PBXFileReference; lastKnownFileType = audio.mp3; path = preview_again_male.mp3; sourceTree = "<group>"; };
		439262B122EE0581000B67C6 /* preview_again_female.mp3 */ = {isa = PBXFileReference; lastKnownFileType = audio.mp3; path = preview_again_female.mp3; sourceTree = "<group>"; };
		439262B822EE059C000B67C6 /* great_male.mp3 */ = {isa = PBXFileReference; lastKnownFileType = audio.mp3; path = great_male.mp3; sourceTree = "<group>"; };
		439262B922EE059C000B67C6 /* good.mp3 */ = {isa = PBXFileReference; lastKnownFileType = audio.mp3; path = good.mp3; sourceTree = "<group>"; };
		439262BA22EE059C000B67C6 /* great_female.mp3 */ = {isa = PBXFileReference; lastKnownFileType = audio.mp3; path = great_female.mp3; sourceTree = "<group>"; };
		439262BD22EE0644000B67C6 /* books_sound.mp3 */ = {isa = PBXFileReference; lastKnownFileType = audio.mp3; path = books_sound.mp3; sourceTree = "<group>"; };
		439262BE22EE0644000B67C6 /* egg_sound.mp3 */ = {isa = PBXFileReference; lastKnownFileType = audio.mp3; path = egg_sound.mp3; sourceTree = "<group>"; };
		439262BF22EE0644000B67C6 /* chair_sound.mp3 */ = {isa = PBXFileReference; lastKnownFileType = audio.mp3; path = chair_sound.mp3; sourceTree = "<group>"; };
		439262C022EE0644000B67C6 /* drop_sound.mp3 */ = {isa = PBXFileReference; lastKnownFileType = audio.mp3; path = drop_sound.mp3; sourceTree = "<group>"; };
		439262C122EE0644000B67C6 /* remote_sound.mp3 */ = {isa = PBXFileReference; lastKnownFileType = audio.mp3; path = remote_sound.mp3; sourceTree = "<group>"; };
		439262C222EE0644000B67C6 /* cheese_sound.mp3 */ = {isa = PBXFileReference; lastKnownFileType = audio.mp3; path = cheese_sound.mp3; sourceTree = "<group>"; };
		439262C322EE0644000B67C6 /* cow_sound.mp3 */ = {isa = PBXFileReference; lastKnownFileType = audio.mp3; path = cow_sound.mp3; sourceTree = "<group>"; };
		439262C422EE0645000B67C6 /* dove_sound.mp3 */ = {isa = PBXFileReference; lastKnownFileType = audio.mp3; path = dove_sound.mp3; sourceTree = "<group>"; };
		439262C522EE0645000B67C6 /* chips_sound.mp3 */ = {isa = PBXFileReference; lastKnownFileType = audio.mp3; path = chips_sound.mp3; sourceTree = "<group>"; };
		439262C622EE0645000B67C6 /* butterfly_sound.mp3 */ = {isa = PBXFileReference; lastKnownFileType = audio.mp3; path = butterfly_sound.mp3; sourceTree = "<group>"; };
		439262C722EE0645000B67C6 /* officer_sound.mp3 */ = {isa = PBXFileReference; lastKnownFileType = audio.mp3; path = officer_sound.mp3; sourceTree = "<group>"; };
		439262C822EE0645000B67C6 /* cotton_candy_sound.mp3 */ = {isa = PBXFileReference; lastKnownFileType = audio.mp3; path = cotton_candy_sound.mp3; sourceTree = "<group>"; };
		439262C922EE0645000B67C6 /* cat_sound.mp3 */ = {isa = PBXFileReference; lastKnownFileType = audio.mp3; path = cat_sound.mp3; sourceTree = "<group>"; };
		439262CA22EE0645000B67C6 /* fish_sound.mp3 */ = {isa = PBXFileReference; lastKnownFileType = audio.mp3; path = fish_sound.mp3; sourceTree = "<group>"; };
		439262CB22EE0645000B67C6 /* dog_sound.mp3 */ = {isa = PBXFileReference; lastKnownFileType = audio.mp3; path = dog_sound.mp3; sourceTree = "<group>"; };
		439262CC22EE0645000B67C6 /* lemon_sound.mp3 */ = {isa = PBXFileReference; lastKnownFileType = audio.mp3; path = lemon_sound.mp3; sourceTree = "<group>"; };
		439262CD22EE0645000B67C6 /* owl_sound.mp3 */ = {isa = PBXFileReference; lastKnownFileType = audio.mp3; path = owl_sound.mp3; sourceTree = "<group>"; };
		439262CE22EE0645000B67C6 /* pencil_case_sound.mp3 */ = {isa = PBXFileReference; lastKnownFileType = audio.mp3; path = pencil_case_sound.mp3; sourceTree = "<group>"; };
		439262CF22EE0645000B67C6 /* shoes_sound.mp3 */ = {isa = PBXFileReference; lastKnownFileType = audio.mp3; path = shoes_sound.mp3; sourceTree = "<group>"; };
		439262D022EE0645000B67C6 /* steering_wheel_sound.mp3 */ = {isa = PBXFileReference; lastKnownFileType = audio.mp3; path = steering_wheel_sound.mp3; sourceTree = "<group>"; };
		439262D122EE0645000B67C6 /* curtain_sound.mp3 */ = {isa = PBXFileReference; lastKnownFileType = audio.mp3; path = curtain_sound.mp3; sourceTree = "<group>"; };
		439262D222EE0645000B67C6 /* drums_sound.mp3 */ = {isa = PBXFileReference; lastKnownFileType = audio.mp3; path = drums_sound.mp3; sourceTree = "<group>"; };
		439262D322EE0646000B67C6 /* ball_sound.mp3 */ = {isa = PBXFileReference; lastKnownFileType = audio.mp3; path = ball_sound.mp3; sourceTree = "<group>"; };
		439262D422EE0646000B67C6 /* house_sound.mp3 */ = {isa = PBXFileReference; lastKnownFileType = audio.mp3; path = house_sound.mp3; sourceTree = "<group>"; };
		439262D522EE0646000B67C6 /* heart_sound.mp3 */ = {isa = PBXFileReference; lastKnownFileType = audio.mp3; path = heart_sound.mp3; sourceTree = "<group>"; };
		439262D622EE0646000B67C6 /* kite_sound.mp3 */ = {isa = PBXFileReference; lastKnownFileType = audio.mp3; path = kite_sound.mp3; sourceTree = "<group>"; };
		439262D722EE0646000B67C6 /* parrot_sound.mp3 */ = {isa = PBXFileReference; lastKnownFileType = audio.mp3; path = parrot_sound.mp3; sourceTree = "<group>"; };
		439262D822EE0646000B67C6 /* pig_sound.mp3 */ = {isa = PBXFileReference; lastKnownFileType = audio.mp3; path = pig_sound.mp3; sourceTree = "<group>"; };
		439262D922EE0646000B67C6 /* thunder_sound.mp3 */ = {isa = PBXFileReference; lastKnownFileType = audio.mp3; path = thunder_sound.mp3; sourceTree = "<group>"; };
		439262DA22EE0646000B67C6 /* bun_sound.mp3 */ = {isa = PBXFileReference; lastKnownFileType = audio.mp3; path = bun_sound.mp3; sourceTree = "<group>"; };
		439262DB22EE0646000B67C6 /* giraffe_sound.mp3 */ = {isa = PBXFileReference; lastKnownFileType = audio.mp3; path = giraffe_sound.mp3; sourceTree = "<group>"; };
		439262DC22EE0646000B67C6 /* mountain_sound.mp3 */ = {isa = PBXFileReference; lastKnownFileType = audio.mp3; path = mountain_sound.mp3; sourceTree = "<group>"; };
		439262DD22EE0646000B67C6 /* rose_sound.mp3 */ = {isa = PBXFileReference; lastKnownFileType = audio.mp3; path = rose_sound.mp3; sourceTree = "<group>"; };
		439262DE22EE0647000B67C6 /* shell_sound.mp3 */ = {isa = PBXFileReference; lastKnownFileType = audio.mp3; path = shell_sound.mp3; sourceTree = "<group>"; };
		439262DF22EE0647000B67C6 /* old_sound.mp3 */ = {isa = PBXFileReference; lastKnownFileType = audio.mp3; path = old_sound.mp3; sourceTree = "<group>"; };
		439262E022EE0647000B67C6 /* whale_sound.mp3 */ = {isa = PBXFileReference; lastKnownFileType = audio.mp3; path = whale_sound.mp3; sourceTree = "<group>"; };
		439262E122EE0647000B67C6 /* chocolate_sound.mp3 */ = {isa = PBXFileReference; lastKnownFileType = audio.mp3; path = chocolate_sound.mp3; sourceTree = "<group>"; };
		439262E222EE0647000B67C6 /* traffic_light_sound.mp3 */ = {isa = PBXFileReference; lastKnownFileType = audio.mp3; path = traffic_light_sound.mp3; sourceTree = "<group>"; };
		439262E322EE0647000B67C6 /* hotdog_sound.mp3 */ = {isa = PBXFileReference; lastKnownFileType = audio.mp3; path = hotdog_sound.mp3; sourceTree = "<group>"; };
		439262E422EE0647000B67C6 /* circle_sound.mp3 */ = {isa = PBXFileReference; lastKnownFileType = audio.mp3; path = circle_sound.mp3; sourceTree = "<group>"; };
		439262E522EE0647000B67C6 /* hippo_sound.mp3 */ = {isa = PBXFileReference; lastKnownFileType = audio.mp3; path = hippo_sound.mp3; sourceTree = "<group>"; };
		439262E622EE0648000B67C6 /* pomegrant_sound.mp3 */ = {isa = PBXFileReference; lastKnownFileType = audio.mp3; path = pomegrant_sound.mp3; sourceTree = "<group>"; };
		439262E722EE0648000B67C6 /* bone_sound.mp3 */ = {isa = PBXFileReference; lastKnownFileType = audio.mp3; path = bone_sound.mp3; sourceTree = "<group>"; };
		439262E822EE0648000B67C6 /* bicycle_sound.mp3 */ = {isa = PBXFileReference; lastKnownFileType = audio.mp3; path = bicycle_sound.mp3; sourceTree = "<group>"; };
		439262E922EE0648000B67C6 /* candle_sound.mp3 */ = {isa = PBXFileReference; lastKnownFileType = audio.mp3; path = candle_sound.mp3; sourceTree = "<group>"; };
		439262EA22EE0648000B67C6 /* lion_sound.mp3 */ = {isa = PBXFileReference; lastKnownFileType = audio.mp3; path = lion_sound.mp3; sourceTree = "<group>"; };
		439262EB22EE0648000B67C6 /* tractor_sound.mp3 */ = {isa = PBXFileReference; lastKnownFileType = audio.mp3; path = tractor_sound.mp3; sourceTree = "<group>"; };
		439262EC22EE0648000B67C6 /* camera_sound.mp3 */ = {isa = PBXFileReference; lastKnownFileType = audio.mp3; path = camera_sound.mp3; sourceTree = "<group>"; };
		439262ED22EE0648000B67C6 /* spinning_top_sound.mp3 */ = {isa = PBXFileReference; lastKnownFileType = audio.mp3; path = spinning_top_sound.mp3; sourceTree = "<group>"; };
		439262EE22EE0648000B67C6 /* banana_sound.mp3 */ = {isa = PBXFileReference; lastKnownFileType = audio.mp3; path = banana_sound.mp3; sourceTree = "<group>"; };
		439262EF22EE0649000B67C6 /* hat_sound.mp3 */ = {isa = PBXFileReference; lastKnownFileType = audio.mp3; path = hat_sound.mp3; sourceTree = "<group>"; };
		439262F022EE0649000B67C6 /* apple_sound.mp3 */ = {isa = PBXFileReference; lastKnownFileType = audio.mp3; path = apple_sound.mp3; sourceTree = "<group>"; };
		439262F122EE0649000B67C6 /* carrot_sound.mp3 */ = {isa = PBXFileReference; lastKnownFileType = audio.mp3; path = carrot_sound.mp3; sourceTree = "<group>"; };
		439262F222EE0649000B67C6 /* camel_sound.mp3 */ = {isa = PBXFileReference; lastKnownFileType = audio.mp3; path = camel_sound.mp3; sourceTree = "<group>"; };
		439262F322EE0649000B67C6 /* waffles_sound.mp3 */ = {isa = PBXFileReference; lastKnownFileType = audio.mp3; path = waffles_sound.mp3; sourceTree = "<group>"; };
		439262F422EE0649000B67C6 /* honey_sound.mp3 */ = {isa = PBXFileReference; lastKnownFileType = audio.mp3; path = honey_sound.mp3; sourceTree = "<group>"; };
		439262F522EE0649000B67C6 /* zebra_sound.mp3 */ = {isa = PBXFileReference; lastKnownFileType = audio.mp3; path = zebra_sound.mp3; sourceTree = "<group>"; };
		439262F622EE0649000B67C6 /* peacock_sound.mp3 */ = {isa = PBXFileReference; lastKnownFileType = audio.mp3; path = peacock_sound.mp3; sourceTree = "<group>"; };
		439262F722EE064A000B67C6 /* sunglasses_sound.mp3 */ = {isa = PBXFileReference; lastKnownFileType = audio.mp3; path = sunglasses_sound.mp3; sourceTree = "<group>"; };
		439262F822EE064A000B67C6 /* flashlight_sound.mp3 */ = {isa = PBXFileReference; lastKnownFileType = audio.mp3; path = flashlight_sound.mp3; sourceTree = "<group>"; };
		439262F922EE064A000B67C6 /* doctor_sound.mp3 */ = {isa = PBXFileReference; lastKnownFileType = audio.mp3; path = doctor_sound.mp3; sourceTree = "<group>"; };
		439262FA22EE064A000B67C6 /* rainbow_sound.mp3 */ = {isa = PBXFileReference; lastKnownFileType = audio.mp3; path = rainbow_sound.mp3; sourceTree = "<group>"; };
		439262FB22EE064A000B67C6 /* baby_sound.mp3 */ = {isa = PBXFileReference; lastKnownFileType = audio.mp3; path = baby_sound.mp3; sourceTree = "<group>"; };
		439262FC22EE064A000B67C6 /* gold_sound.mp3 */ = {isa = PBXFileReference; lastKnownFileType = audio.mp3; path = gold_sound.mp3; sourceTree = "<group>"; };
		439262FD22EE064A000B67C6 /* bear_sound.mp3 */ = {isa = PBXFileReference; lastKnownFileType = audio.mp3; path = bear_sound.mp3; sourceTree = "<group>"; };
		439262FE22EE064A000B67C6 /* snail_sound.mp3 */ = {isa = PBXFileReference; lastKnownFileType = audio.mp3; path = snail_sound.mp3; sourceTree = "<group>"; };
		439262FF22EE064A000B67C6 /* pear_sound.mp3 */ = {isa = PBXFileReference; lastKnownFileType = audio.mp3; path = pear_sound.mp3; sourceTree = "<group>"; };
		4392630022EE064A000B67C6 /* menorah_sound.mp3 */ = {isa = PBXFileReference; lastKnownFileType = audio.mp3; path = menorah_sound.mp3; sourceTree = "<group>"; };
		4392630122EE064A000B67C6 /* garlic_sound.mp3 */ = {isa = PBXFileReference; lastKnownFileType = audio.mp3; path = garlic_sound.mp3; sourceTree = "<group>"; };
		4392630222EE064B000B67C6 /* pink_sound.mp3 */ = {isa = PBXFileReference; lastKnownFileType = audio.mp3; path = pink_sound.mp3; sourceTree = "<group>"; };
		4392630322EE064B000B67C6 /* kangoroo.mp3 */ = {isa = PBXFileReference; lastKnownFileType = audio.mp3; path = kangoroo.mp3; sourceTree = "<group>"; };
		4392630422EE064B000B67C6 /* ear_sound.mp3 */ = {isa = PBXFileReference; lastKnownFileType = audio.mp3; path = ear_sound.mp3; sourceTree = "<group>"; };
		4392630522EE064B000B67C6 /* pregnancy_sound.mp3 */ = {isa = PBXFileReference; lastKnownFileType = audio.mp3; path = pregnancy_sound.mp3; sourceTree = "<group>"; };
		4392630622EE064B000B67C6 /* fireworks_sound.mp3 */ = {isa = PBXFileReference; lastKnownFileType = audio.mp3; path = fireworks_sound.mp3; sourceTree = "<group>"; };
		4392630722EE064B000B67C6 /* umbrella_sound.mp3 */ = {isa = PBXFileReference; lastKnownFileType = audio.mp3; path = umbrella_sound.mp3; sourceTree = "<group>"; };
		4392630822EE064B000B67C6 /* tv_sound.mp3 */ = {isa = PBXFileReference; lastKnownFileType = audio.mp3; path = tv_sound.mp3; sourceTree = "<group>"; };
		4392630922EE064B000B67C6 /* horse_sound.mp3 */ = {isa = PBXFileReference; lastKnownFileType = audio.mp3; path = horse_sound.mp3; sourceTree = "<group>"; };
		4392630A22EE064B000B67C6 /* snake_sound.mp3 */ = {isa = PBXFileReference; lastKnownFileType = audio.mp3; path = snake_sound.mp3; sourceTree = "<group>"; };
		4392630B22EE064B000B67C6 /* beard_sound.mp3 */ = {isa = PBXFileReference; lastKnownFileType = audio.mp3; path = beard_sound.mp3; sourceTree = "<group>"; };
		4392630C22EE064B000B67C6 /* coconut_sound.mp3 */ = {isa = PBXFileReference; lastKnownFileType = audio.mp3; path = coconut_sound.mp3; sourceTree = "<group>"; };
		4392630D22EE064B000B67C6 /* hammer_sound.mp3 */ = {isa = PBXFileReference; lastKnownFileType = audio.mp3; path = hammer_sound.mp3; sourceTree = "<group>"; };
		4392630E22EE064B000B67C6 /* bed_sound.mp3 */ = {isa = PBXFileReference; lastKnownFileType = audio.mp3; path = bed_sound.mp3; sourceTree = "<group>"; };
		4392630F22EE064B000B67C6 /* mosquito_sound.mp3 */ = {isa = PBXFileReference; lastKnownFileType = audio.mp3; path = mosquito_sound.mp3; sourceTree = "<group>"; };
		4392631022EE064C000B67C6 /* dolphin_sound.mp3 */ = {isa = PBXFileReference; lastKnownFileType = audio.mp3; path = dolphin_sound.mp3; sourceTree = "<group>"; };
		4392631122EE064C000B67C6 /* legs_sound.mp3 */ = {isa = PBXFileReference; lastKnownFileType = audio.mp3; path = legs_sound.mp3; sourceTree = "<group>"; };
		4392631222EE064C000B67C6 /* wine_sound.mp3 */ = {isa = PBXFileReference; lastKnownFileType = audio.mp3; path = wine_sound.mp3; sourceTree = "<group>"; };
		4392631322EE064C000B67C6 /* eyes_sound.mp3 */ = {isa = PBXFileReference; lastKnownFileType = audio.mp3; path = eyes_sound.mp3; sourceTree = "<group>"; };
		4392631422EE064C000B67C6 /* turtle_sound.mp3 */ = {isa = PBXFileReference; lastKnownFileType = audio.mp3; path = turtle_sound.mp3; sourceTree = "<group>"; };
		4392631522EE064C000B67C6 /* squirrel_sound.mp3 */ = {isa = PBXFileReference; lastKnownFileType = audio.mp3; path = squirrel_sound.mp3; sourceTree = "<group>"; };
		46BDB96522F7D0C0F87D6897 /* Pods-AlefAdTavTests.release.xcconfig */ = {isa = PBXFileReference; includeInIndex = 1; lastKnownFileType = text.xcconfig; name = "Pods-AlefAdTavTests.release.xcconfig"; path = "Pods/Target Support Files/Pods-AlefAdTavTests/Pods-AlefAdTavTests.release.xcconfig"; sourceTree = "<group>"; };
		4A080B42E8C23F5F3669D486 /* Pods-AlefAdTav.release.xcconfig */ = {isa = PBXFileReference; includeInIndex = 1; lastKnownFileType = text.xcconfig; name = "Pods-AlefAdTav.release.xcconfig"; path = "Pods/Target Support Files/Pods-AlefAdTav/Pods-AlefAdTav.release.xcconfig"; sourceTree = "<group>"; };
		59187F860C162223E6AB02A3 /* Pods_AlefAdTavTests.framework */ = {isa = PBXFileReference; explicitFileType = wrapper.framework; includeInIndex = 0; path = Pods_AlefAdTavTests.framework; sourceTree = BUILT_PRODUCTS_DIR; };
		BC1C938F001B735DA63DBC09 /* Pods-AlefAdTavTests.debug.xcconfig */ = {isa = PBXFileReference; includeInIndex = 1; lastKnownFileType = text.xcconfig; name = "Pods-AlefAdTavTests.debug.xcconfig"; path = "Pods/Target Support Files/Pods-AlefAdTavTests/Pods-AlefAdTavTests.debug.xcconfig"; sourceTree = "<group>"; };
		CC0082D1C2717B753B173DC2 /* Pods_AlefAdTav.framework */ = {isa = PBXFileReference; explicitFileType = wrapper.framework; includeInIndex = 0; path = Pods_AlefAdTav.framework; sourceTree = BUILT_PRODUCTS_DIR; };
		EAAE39AC2451844A55F03499 /* Pods-AlefAdTavUITests.release.xcconfig */ = {isa = PBXFileReference; includeInIndex = 1; lastKnownFileType = text.xcconfig; name = "Pods-AlefAdTavUITests.release.xcconfig"; path = "Pods/Target Support Files/Pods-AlefAdTavUITests/Pods-AlefAdTavUITests.release.xcconfig"; sourceTree = "<group>"; };
/* End PBXFileReference section */

/* Begin PBXFrameworksBuildPhase section */
		438146BB22CF52C900D7B306 /* Frameworks */ = {
			isa = PBXFrameworksBuildPhase;
			buildActionMask = 2147483647;
			files = (
			);
			runOnlyForDeploymentPostprocessing = 0;
		};
		438146CF22CF52CB00D7B306 /* Frameworks */ = {
			isa = PBXFrameworksBuildPhase;
			buildActionMask = 2147483647;
			files = (
				85BF0D1CA2EE5BF99583A202 /* Pods_AlefAdTavTests.framework in Frameworks */,
			);
			runOnlyForDeploymentPostprocessing = 0;
		};
		438146DA22CF52CB00D7B306 /* Frameworks */ = {
			isa = PBXFrameworksBuildPhase;
			buildActionMask = 2147483647;
			files = (
				2FC22E9AD5D475867F7038C7 /* Pods_AlefAdTavUITests.framework in Frameworks */,
			);
			runOnlyForDeploymentPostprocessing = 0;
		};
/* End PBXFrameworksBuildPhase section */

/* Begin PBXGroup section */
		27F864E79A8352480EAECA02 /* Pods */ = {
			isa = PBXGroup;
			children = (
				30E492BF3FA7C4531DD650BA /* Pods-AlefAdTav.debug.xcconfig */,
				4A080B42E8C23F5F3669D486 /* Pods-AlefAdTav.release.xcconfig */,
				BC1C938F001B735DA63DBC09 /* Pods-AlefAdTavTests.debug.xcconfig */,
				46BDB96522F7D0C0F87D6897 /* Pods-AlefAdTavTests.release.xcconfig */,
				3C9AF046FE790A720767B1E9 /* Pods-AlefAdTavUITests.debug.xcconfig */,
				EAAE39AC2451844A55F03499 /* Pods-AlefAdTavUITests.release.xcconfig */,
			);
			name = Pods;
			sourceTree = "<group>";
		};
		438146B522CF52C900D7B306 = {
			isa = PBXGroup;
			children = (
				438146C022CF52C900D7B306 /* AlefAdTav */,
				438146D522CF52CB00D7B306 /* AlefAdTavTests */,
				438146E022CF52CB00D7B306 /* AlefAdTavUITests */,
				438146BF22CF52C900D7B306 /* Products */,
				27F864E79A8352480EAECA02 /* Pods */,
				F8C1192135B983B38D156612 /* Frameworks */,
			);
			sourceTree = "<group>";
		};
		438146BF22CF52C900D7B306 /* Products */ = {
			isa = PBXGroup;
			children = (
				438146BE22CF52C900D7B306 /* AlefAdTav.app */,
				438146D222CF52CB00D7B306 /* AlefAdTavTests.xctest */,
				438146DD22CF52CB00D7B306 /* AlefAdTavUITests.xctest */,
			);
			name = Products;
			sourceTree = "<group>";
		};
		438146C022CF52C900D7B306 /* AlefAdTav */ = {
			isa = PBXGroup;
			children = (
				4392627C22EDC0FE000B67C6 /* Sounds */,
				4392627122E76CB1000B67C6 /* Utils */,
				4392626622E76A73000B67C6 /* UI */,
				438146C122CF52C900D7B306 /* AppDelegate.swift */,
				438146C522CF52C900D7B306 /* Main.storyboard */,
				438146C822CF52CB00D7B306 /* Assets.xcassets */,
				438146CA22CF52CB00D7B306 /* LaunchScreen.storyboard */,
				438146CD22CF52CB00D7B306 /* Info.plist */,
			);
			path = AlefAdTav;
			sourceTree = "<group>";
		};
		438146D522CF52CB00D7B306 /* AlefAdTavTests */ = {
			isa = PBXGroup;
			children = (
				438146D622CF52CB00D7B306 /* AlefAdTavTests.swift */,
				438146D822CF52CB00D7B306 /* Info.plist */,
			);
			path = AlefAdTavTests;
			sourceTree = "<group>";
		};
		438146E022CF52CB00D7B306 /* AlefAdTavUITests */ = {
			isa = PBXGroup;
			children = (
				438146E122CF52CB00D7B306 /* AlefAdTavUITests.swift */,
				438146E322CF52CB00D7B306 /* Info.plist */,
			);
			path = AlefAdTavUITests;
			sourceTree = "<group>";
		};
		4392626622E76A73000B67C6 /* UI */ = {
			isa = PBXGroup;
			children = (
				4392627822ED84BF000B67C6 /* LetterIntroViewController.swift */,
				4392626D22E76C24000B67C6 /* LetterWritingViewController.swift */,
				4392627622E9EBA7000B67C6 /* LetterGameViewController.swift */,
				438146C322CF52C900D7B306 /* MainViewController.swift */,
				432FFDD722D26A9100ED81CF /* SubjectViewController.swift */,
				432FFDDB22DCD76100ED81CF /* AllLettersViewController.swift */,
				4392627222E87B15000B67C6 /* LetterProgressCell.swift */,
				4392627322E87B15000B67C6 /* LetterProgressCell.xib */,
			);
			path = UI;
			sourceTree = "<group>";
		};
		4392627122E76CB1000B67C6 /* Utils */ = {
			isa = PBXGroup;
			children = (
				432FFDD922DCD28600ED81CF /* AppUtility.swift */,
			);
			path = Utils;
			sourceTree = "<group>";
		};
		4392627C22EDC0FE000B67C6 /* Sounds */ = {
			isa = PBXGroup;
			children = (
				439262BC22EE0634000B67C6 /* words */,
				439262BB22EE0617000B67C6 /* letters_intro */,
				439262AB22EE0556000B67C6 /* instructions */,
			);
			path = Sounds;
			sourceTree = "<group>";
		};
		439262AB22EE0556000B67C6 /* instructions */ = {
			isa = PBXGroup;
			children = (
				439262AF22EE0581000B67C6 /* click_on_images_female.mp3 */,
				439262AC22EE0581000B67C6 /* click_on_images_male.mp3 */,
				439262AD22EE0581000B67C6 /* correct_sound.mp3 */,
				439262B922EE059C000B67C6 /* good.mp3 */,
				439262BA22EE059C000B67C6 /* great_female.mp3 */,
				439262B822EE059C000B67C6 /* great_male.mp3 */,
				439262AE22EE0581000B67C6 /* incorrect_sound.mp3 */,
				439262B122EE0581000B67C6 /* preview_again_female.mp3 */,
				439262B022EE0581000B67C6 /* preview_again_male.mp3 */,
			);
			path = instructions;
			sourceTree = "<group>";
		};
		439262BB22EE0617000B67C6 /* letters_intro */ = {
			isa = PBXGroup;
			children = (
				4392628322EDC10D000B67C6 /* ain.mp3 */,
				4392628F22EDC10D000B67C6 /* alef.mp3 */,
				4392628C22EDC10D000B67C6 /* bet.mp3 */,
				4392628622EDC10D000B67C6 /* daled.mp3 */,
				4392628022EDC10C000B67C6 /* gimel.mp3 */,
				4392627F22EDC10C000B67C6 /* heit.mp3 */,
				4392629022EDC10D000B67C6 /* hey.mp3 */,
				4392629222EDC10D000B67C6 /* kaf.mp3 */,
				4392628722EDC10D000B67C6 /* kuf.mp3 */,
				4392627E22EDC10C000B67C6 /* lamed.mp3 */,
				4392628922EDC10D000B67C6 /* mem.mp3 */,
				4392629122EDC10D000B67C6 /* nun.mp3 */,
				4392628222EDC10D000B67C6 /* pey.mp3 */,
				4392628D22EDC10D000B67C6 /* reish.mp3 */,
				4392627D22EDC10C000B67C6 /* samech.mp3 */,
				4392628E22EDC10D000B67C6 /* shin.mp3 */,
				4392628822EDC10D000B67C6 /* tav.mp3 */,
				4392628B22EDC10D000B67C6 /* tet.mp3 */,
				4392628122EDC10C000B67C6 /* vav.mp3 */,
				4392628422EDC10D000B67C6 /* yod.mp3 */,
				4392628A22EDC10D000B67C6 /* zadi.mp3 */,
				4392628522EDC10D000B67C6 /* zain.mp3 */,
			);
			path = letters_intro;
			sourceTree = "<group>";
		};
		439262BC22EE0634000B67C6 /* words */ = {
			isa = PBXGroup;
			children = (
				439262F022EE0649000B67C6 /* apple_sound.mp3 */,
				439262FB22EE064A000B67C6 /* baby_sound.mp3 */,
				439262D322EE0646000B67C6 /* ball_sound.mp3 */,
				439262EE22EE0648000B67C6 /* banana_sound.mp3 */,
				439262FD22EE064A000B67C6 /* bear_sound.mp3 */,
				4392630B22EE064B000B67C6 /* beard_sound.mp3 */,
				4392630E22EE064B000B67C6 /* bed_sound.mp3 */,
				439262E822EE0648000B67C6 /* bicycle_sound.mp3 */,
				439262E722EE0648000B67C6 /* bone_sound.mp3 */,
				439262BD22EE0644000B67C6 /* books_sound.mp3 */,
				439262DA22EE0646000B67C6 /* bun_sound.mp3 */,
				439262C622EE0645000B67C6 /* butterfly_sound.mp3 */,
				439262F222EE0649000B67C6 /* camel_sound.mp3 */,
				439262EC22EE0648000B67C6 /* camera_sound.mp3 */,
				439262E922EE0648000B67C6 /* candle_sound.mp3 */,
				439262F122EE0649000B67C6 /* carrot_sound.mp3 */,
				439262C922EE0645000B67C6 /* cat_sound.mp3 */,
				439262BF22EE0644000B67C6 /* chair_sound.mp3 */,
				439262C222EE0644000B67C6 /* cheese_sound.mp3 */,
				439262C522EE0645000B67C6 /* chips_sound.mp3 */,
				439262E122EE0647000B67C6 /* chocolate_sound.mp3 */,
				439262E422EE0647000B67C6 /* circle_sound.mp3 */,
				4392630C22EE064B000B67C6 /* coconut_sound.mp3 */,
				439262C822EE0645000B67C6 /* cotton_candy_sound.mp3 */,
				439262C322EE0644000B67C6 /* cow_sound.mp3 */,
				439262D122EE0645000B67C6 /* curtain_sound.mp3 */,
				439262F922EE064A000B67C6 /* doctor_sound.mp3 */,
				439262CB22EE0645000B67C6 /* dog_sound.mp3 */,
				4392631022EE064C000B67C6 /* dolphin_sound.mp3 */,
				439262C422EE0645000B67C6 /* dove_sound.mp3 */,
				439262C022EE0644000B67C6 /* drop_sound.mp3 */,
				439262D222EE0645000B67C6 /* drums_sound.mp3 */,
				4392630422EE064B000B67C6 /* ear_sound.mp3 */,
				439262BE22EE0644000B67C6 /* egg_sound.mp3 */,
				4392631322EE064C000B67C6 /* eyes_sound.mp3 */,
				4392630622EE064B000B67C6 /* fireworks_sound.mp3 */,
				439262CA22EE0645000B67C6 /* fish_sound.mp3 */,
				439262F822EE064A000B67C6 /* flashlight_sound.mp3 */,
				4392630122EE064A000B67C6 /* garlic_sound.mp3 */,
				439262DB22EE0646000B67C6 /* giraffe_sound.mp3 */,
				439262FC22EE064A000B67C6 /* gold_sound.mp3 */,
				4392630D22EE064B000B67C6 /* hammer_sound.mp3 */,
				439262EF22EE0649000B67C6 /* hat_sound.mp3 */,
				439262D522EE0646000B67C6 /* heart_sound.mp3 */,
				439262E522EE0647000B67C6 /* hippo_sound.mp3 */,
				439262F422EE0649000B67C6 /* honey_sound.mp3 */,
				4392630922EE064B000B67C6 /* horse_sound.mp3 */,
				439262E322EE0647000B67C6 /* hotdog_sound.mp3 */,
				439262D422EE0646000B67C6 /* house_sound.mp3 */,
				4392630322EE064B000B67C6 /* kangoroo.mp3 */,
				439262D622EE0646000B67C6 /* kite_sound.mp3 */,
				4392631122EE064C000B67C6 /* legs_sound.mp3 */,
				439262CC22EE0645000B67C6 /* lemon_sound.mp3 */,
				439262EA22EE0648000B67C6 /* lion_sound.mp3 */,
				4392630022EE064A000B67C6 /* menorah_sound.mp3 */,
				4392630F22EE064B000B67C6 /* mosquito_sound.mp3 */,
				439262DC22EE0646000B67C6 /* mountain_sound.mp3 */,
				439262C722EE0645000B67C6 /* officer_sound.mp3 */,
				439262DF22EE0647000B67C6 /* old_sound.mp3 */,
				439262CD22EE0645000B67C6 /* owl_sound.mp3 */,
				439262D722EE0646000B67C6 /* parrot_sound.mp3 */,
				439262F622EE0649000B67C6 /* peacock_sound.mp3 */,
				439262FF22EE064A000B67C6 /* pear_sound.mp3 */,
				439262CE22EE0645000B67C6 /* pencil_case_sound.mp3 */,
				439262D822EE0646000B67C6 /* pig_sound.mp3 */,
				4392630222EE064B000B67C6 /* pink_sound.mp3 */,
				439262E622EE0648000B67C6 /* pomegrant_sound.mp3 */,
				4392630522EE064B000B67C6 /* pregnancy_sound.mp3 */,
				439262FA22EE064A000B67C6 /* rainbow_sound.mp3 */,
				439262C122EE0644000B67C6 /* remote_sound.mp3 */,
				439262DD22EE0646000B67C6 /* rose_sound.mp3 */,
				439262DE22EE0647000B67C6 /* shell_sound.mp3 */,
				439262CF22EE0645000B67C6 /* shoes_sound.mp3 */,
				439262FE22EE064A000B67C6 /* snail_sound.mp3 */,
				4392630A22EE064B000B67C6 /* snake_sound.mp3 */,
				439262ED22EE0648000B67C6 /* spinning_top_sound.mp3 */,
				4392631522EE064C000B67C6 /* squirrel_sound.mp3 */,
				439262D022EE0645000B67C6 /* steering_wheel_sound.mp3 */,
				439262F722EE064A000B67C6 /* sunglasses_sound.mp3 */,
				439262D922EE0646000B67C6 /* thunder_sound.mp3 */,
				439262EB22EE0648000B67C6 /* tractor_sound.mp3 */,
				439262E222EE0647000B67C6 /* traffic_light_sound.mp3 */,
				4392631422EE064C000B67C6 /* turtle_sound.mp3 */,
				4392630822EE064B000B67C6 /* tv_sound.mp3 */,
				4392630722EE064B000B67C6 /* umbrella_sound.mp3 */,
				439262F322EE0649000B67C6 /* waffles_sound.mp3 */,
				439262E022EE0647000B67C6 /* whale_sound.mp3 */,
				4392631222EE064C000B67C6 /* wine_sound.mp3 */,
				439262F522EE0649000B67C6 /* zebra_sound.mp3 */,
			);
			path = words;
			sourceTree = "<group>";
		};
		F8C1192135B983B38D156612 /* Frameworks */ = {
			isa = PBXGroup;
			children = (
				CC0082D1C2717B753B173DC2 /* Pods_AlefAdTav.framework */,
				59187F860C162223E6AB02A3 /* Pods_AlefAdTavTests.framework */,
				1BB84AA02436D2F1CBCECD23 /* Pods_AlefAdTavUITests.framework */,
			);
			name = Frameworks;
			sourceTree = "<group>";
		};
/* End PBXGroup section */

/* Begin PBXNativeTarget section */
		438146BD22CF52C900D7B306 /* AlefAdTav */ = {
			isa = PBXNativeTarget;
			buildConfigurationList = 438146E622CF52CB00D7B306 /* Build configuration list for PBXNativeTarget "AlefAdTav" */;
			buildPhases = (
				24E4E41867F246033A4A8917 /* [CP] Check Pods Manifest.lock */,
				438146BA22CF52C900D7B306 /* Sources */,
				438146BB22CF52C900D7B306 /* Frameworks */,
				438146BC22CF52C900D7B306 /* Resources */,
			);
			buildRules = (
			);
			dependencies = (
			);
			name = AlefAdTav;
			productName = AlefAdTav;
			productReference = 438146BE22CF52C900D7B306 /* AlefAdTav.app */;
			productType = "com.apple.product-type.application";
		};
		438146D122CF52CB00D7B306 /* AlefAdTavTests */ = {
			isa = PBXNativeTarget;
			buildConfigurationList = 438146E922CF52CB00D7B306 /* Build configuration list for PBXNativeTarget "AlefAdTavTests" */;
			buildPhases = (
				2C5B2C11B35609E18E696B3C /* [CP] Check Pods Manifest.lock */,
				438146CE22CF52CB00D7B306 /* Sources */,
				438146CF22CF52CB00D7B306 /* Frameworks */,
				438146D022CF52CB00D7B306 /* Resources */,
			);
			buildRules = (
			);
			dependencies = (
				438146D422CF52CB00D7B306 /* PBXTargetDependency */,
			);
			name = AlefAdTavTests;
			productName = AlefAdTavTests;
			productReference = 438146D222CF52CB00D7B306 /* AlefAdTavTests.xctest */;
			productType = "com.apple.product-type.bundle.unit-test";
		};
		438146DC22CF52CB00D7B306 /* AlefAdTavUITests */ = {
			isa = PBXNativeTarget;
			buildConfigurationList = 438146EC22CF52CB00D7B306 /* Build configuration list for PBXNativeTarget "AlefAdTavUITests" */;
			buildPhases = (
				D29EA7D97388CD77208860EE /* [CP] Check Pods Manifest.lock */,
				438146D922CF52CB00D7B306 /* Sources */,
				438146DA22CF52CB00D7B306 /* Frameworks */,
				438146DB22CF52CB00D7B306 /* Resources */,
			);
			buildRules = (
			);
			dependencies = (
				438146DF22CF52CB00D7B306 /* PBXTargetDependency */,
			);
			name = AlefAdTavUITests;
			productName = AlefAdTavUITests;
			productReference = 438146DD22CF52CB00D7B306 /* AlefAdTavUITests.xctest */;
			productType = "com.apple.product-type.bundle.ui-testing";
		};
/* End PBXNativeTarget section */

/* Begin PBXProject section */
		438146B622CF52C900D7B306 /* Project object */ = {
			isa = PBXProject;
			attributes = {
				LastSwiftUpdateCheck = 1020;
				LastUpgradeCheck = 1020;
				ORGANIZATIONNAME = "Sapir Kalbin";
				TargetAttributes = {
					438146BD22CF52C900D7B306 = {
						CreatedOnToolsVersion = 10.2.1;
					};
					438146D122CF52CB00D7B306 = {
						CreatedOnToolsVersion = 10.2.1;
						TestTargetID = 438146BD22CF52C900D7B306;
					};
					438146DC22CF52CB00D7B306 = {
						CreatedOnToolsVersion = 10.2.1;
						TestTargetID = 438146BD22CF52C900D7B306;
					};
				};
			};
			buildConfigurationList = 438146B922CF52C900D7B306 /* Build configuration list for PBXProject "AlefAdTav" */;
			compatibilityVersion = "Xcode 9.3";
			developmentRegion = en;
			hasScannedForEncodings = 0;
			knownRegions = (
				en,
				Base,
			);
			mainGroup = 438146B522CF52C900D7B306;
			productRefGroup = 438146BF22CF52C900D7B306 /* Products */;
			projectDirPath = "";
			projectRoot = "";
			targets = (
				438146BD22CF52C900D7B306 /* AlefAdTav */,
				438146D122CF52CB00D7B306 /* AlefAdTavTests */,
				438146DC22CF52CB00D7B306 /* AlefAdTavUITests */,
			);
		};
/* End PBXProject section */

/* Begin PBXResourcesBuildPhase section */
		438146BC22CF52C900D7B306 /* Resources */ = {
			isa = PBXResourcesBuildPhase;
			buildActionMask = 2147483647;
			files = (
				4392631F22EE064C000B67C6 /* butterfly_sound.mp3 in Resources */,
				4392636922EE064C000B67C6 /* dolphin_sound.mp3 in Resources */,
				439262A422EDC10D000B67C6 /* shin.mp3 in Resources */,
				4392632D22EE064C000B67C6 /* house_sound.mp3 in Resources */,
				4392633222EE064C000B67C6 /* thunder_sound.mp3 in Resources */,
				4392633322EE064C000B67C6 /* bun_sound.mp3 in Resources */,
				4392635922EE064C000B67C6 /* menorah_sound.mp3 in Resources */,
				4392632F22EE064C000B67C6 /* kite_sound.mp3 in Resources */,
				4392629E22EDC10D000B67C6 /* tav.mp3 in Resources */,
				439262B522EE0581000B67C6 /* click_on_images_female.mp3 in Resources */,
				4392634022EE064C000B67C6 /* bone_sound.mp3 in Resources */,
				4392632122EE064C000B67C6 /* cotton_candy_sound.mp3 in Resources */,
				4392635722EE064C000B67C6 /* snail_sound.mp3 in Resources */,
				4392629722EDC10D000B67C6 /* vav.mp3 in Resources */,
				4392632C22EE064C000B67C6 /* ball_sound.mp3 in Resources */,
				4392632322EE064C000B67C6 /* fish_sound.mp3 in Resources */,
				439262A622EDC10D000B67C6 /* hey.mp3 in Resources */,
				4392634C22EE064C000B67C6 /* waffles_sound.mp3 in Resources */,
				4392635622EE064C000B67C6 /* bear_sound.mp3 in Resources */,
				4392633822EE064C000B67C6 /* old_sound.mp3 in Resources */,
				4392634D22EE064C000B67C6 /* honey_sound.mp3 in Resources */,
				439262A022EDC10D000B67C6 /* zadi.mp3 in Resources */,
				4392629B22EDC10D000B67C6 /* zain.mp3 in Resources */,
				4392632E22EE064C000B67C6 /* heart_sound.mp3 in Resources */,
				4392633922EE064C000B67C6 /* whale_sound.mp3 in Resources */,
				4392634522EE064C000B67C6 /* camera_sound.mp3 in Resources */,
				4392635522EE064C000B67C6 /* gold_sound.mp3 in Resources */,
				4392632022EE064C000B67C6 /* officer_sound.mp3 in Resources */,
				439262A322EDC10D000B67C6 /* reish.mp3 in Resources */,
				4392633B22EE064C000B67C6 /* traffic_light_sound.mp3 in Resources */,
				4392632622EE064C000B67C6 /* owl_sound.mp3 in Resources */,
				4392629922EDC10D000B67C6 /* ain.mp3 in Resources */,
				4392631D22EE064C000B67C6 /* dove_sound.mp3 in Resources */,
				4392629522EDC10D000B67C6 /* heit.mp3 in Resources */,
				4392634222EE064C000B67C6 /* candle_sound.mp3 in Resources */,
				4392636422EE064C000B67C6 /* beard_sound.mp3 in Resources */,
				4392632A22EE064C000B67C6 /* curtain_sound.mp3 in Resources */,
				4392633E22EE064C000B67C6 /* hippo_sound.mp3 in Resources */,
				4392631622EE064C000B67C6 /* books_sound.mp3 in Resources */,
				4392633D22EE064C000B67C6 /* circle_sound.mp3 in Resources */,
				439262A222EDC10D000B67C6 /* bet.mp3 in Resources */,
				4392627522E87B15000B67C6 /* LetterProgressCell.xib in Resources */,
				4392632B22EE064C000B67C6 /* drums_sound.mp3 in Resources */,
				4392635D22EE064C000B67C6 /* ear_sound.mp3 in Resources */,
				4392629C22EDC10D000B67C6 /* daled.mp3 in Resources */,
				439262A722EDC10D000B67C6 /* nun.mp3 in Resources */,
				4392633F22EE064C000B67C6 /* pomegrant_sound.mp3 in Resources */,
				4392632522EE064C000B67C6 /* lemon_sound.mp3 in Resources */,
				4392634822EE064C000B67C6 /* hat_sound.mp3 in Resources */,
				4392634E22EE064C000B67C6 /* zebra_sound.mp3 in Resources */,
				4392636A22EE064C000B67C6 /* legs_sound.mp3 in Resources */,
				4392631822EE064C000B67C6 /* chair_sound.mp3 in Resources */,
				4392635222EE064C000B67C6 /* doctor_sound.mp3 in Resources */,
				4392635C22EE064C000B67C6 /* kangoroo.mp3 in Resources */,
				4392636022EE064C000B67C6 /* umbrella_sound.mp3 in Resources */,
				439262B422EE0581000B67C6 /* incorrect_sound.mp3 in Resources */,
				4392629F22EDC10D000B67C6 /* mem.mp3 in Resources */,
				4392636C22EE064C000B67C6 /* eyes_sound.mp3 in Resources */,
				4392633522EE064C000B67C6 /* mountain_sound.mp3 in Resources */,
				4392636222EE064C000B67C6 /* horse_sound.mp3 in Resources */,
				4392633A22EE064C000B67C6 /* chocolate_sound.mp3 in Resources */,
				4392633122EE064C000B67C6 /* pig_sound.mp3 in Resources */,
				4392636622EE064C000B67C6 /* hammer_sound.mp3 in Resources */,
				4392634A22EE064C000B67C6 /* carrot_sound.mp3 in Resources */,
				438146CC22CF52CB00D7B306 /* LaunchScreen.storyboard in Resources */,
				439262A822EDC10D000B67C6 /* kaf.mp3 in Resources */,
				4392635322EE064C000B67C6 /* rainbow_sound.mp3 in Resources */,
				439262B622EE0581000B67C6 /* preview_again_male.mp3 in Resources */,
				4392635F22EE064C000B67C6 /* fireworks_sound.mp3 in Resources */,
				4392629422EDC10D000B67C6 /* lamed.mp3 in Resources */,
				4392635822EE064C000B67C6 /* pear_sound.mp3 in Resources */,
				439262A122EDC10D000B67C6 /* tet.mp3 in Resources */,
				4392636E22EE064C000B67C6 /* squirrel_sound.mp3 in Resources */,
				4392632422EE064C000B67C6 /* dog_sound.mp3 in Resources */,
				4392634F22EE064C000B67C6 /* peacock_sound.mp3 in Resources */,
				4392632722EE064C000B67C6 /* pencil_case_sound.mp3 in Resources */,
				4392636822EE064C000B67C6 /* mosquito_sound.mp3 in Resources */,
				4392629822EDC10D000B67C6 /* pey.mp3 in Resources */,
				4392633422EE064C000B67C6 /* giraffe_sound.mp3 in Resources */,
				4392634422EE064C000B67C6 /* tractor_sound.mp3 in Resources */,
				439262A522EDC10D000B67C6 /* alef.mp3 in Resources */,
				4392632822EE064C000B67C6 /* shoes_sound.mp3 in Resources */,
				4392633C22EE064C000B67C6 /* hotdog_sound.mp3 in Resources */,
				4392634322EE064C000B67C6 /* lion_sound.mp3 in Resources */,
				4392635122EE064C000B67C6 /* flashlight_sound.mp3 in Resources */,
				4392635022EE064C000B67C6 /* sunglasses_sound.mp3 in Resources */,
				439262B722EE0581000B67C6 /* preview_again_female.mp3 in Resources */,
				4392636522EE064C000B67C6 /* coconut_sound.mp3 in Resources */,
				4392635A22EE064C000B67C6 /* garlic_sound.mp3 in Resources */,
				438146C922CF52CB00D7B306 /* Assets.xcassets in Resources */,
				4392634722EE064C000B67C6 /* banana_sound.mp3 in Resources */,
				4392636722EE064C000B67C6 /* bed_sound.mp3 in Resources */,
				4392631C22EE064C000B67C6 /* cow_sound.mp3 in Resources */,
				4392631922EE064C000B67C6 /* drop_sound.mp3 in Resources */,
				4392631B22EE064C000B67C6 /* cheese_sound.mp3 in Resources */,
				4392629622EDC10D000B67C6 /* gimel.mp3 in Resources */,
				4392634622EE064C000B67C6 /* spinning_top_sound.mp3 in Resources */,
				4392634122EE064C000B67C6 /* bicycle_sound.mp3 in Resources */,
				4392633722EE064C000B67C6 /* shell_sound.mp3 in Resources */,
				4392631A22EE064C000B67C6 /* remote_sound.mp3 in Resources */,
				4392629A22EDC10D000B67C6 /* yod.mp3 in Resources */,
				4392635422EE064C000B67C6 /* baby_sound.mp3 in Resources */,
				4392633022EE064C000B67C6 /* parrot_sound.mp3 in Resources */,
				4392636322EE064C000B67C6 /* snake_sound.mp3 in Resources */,
				4392631722EE064C000B67C6 /* egg_sound.mp3 in Resources */,
				4392632222EE064C000B67C6 /* cat_sound.mp3 in Resources */,
				4392632922EE064C000B67C6 /* steering_wheel_sound.mp3 in Resources */,
				4392634B22EE064C000B67C6 /* camel_sound.mp3 in Resources */,
				4392629D22EDC10D000B67C6 /* kuf.mp3 in Resources */,
				438146C722CF52C900D7B306 /* Main.storyboard in Resources */,
				4392631E22EE064C000B67C6 /* chips_sound.mp3 in Resources */,
				4392636122EE064C000B67C6 /* tv_sound.mp3 in Resources */,
				4392636D22EE064C000B67C6 /* turtle_sound.mp3 in Resources */,
				439262B322EE0581000B67C6 /* correct_sound.mp3 in Resources */,
				4392634922EE064C000B67C6 /* apple_sound.mp3 in Resources */,
				4392633622EE064C000B67C6 /* rose_sound.mp3 in Resources */,
				4392636B22EE064C000B67C6 /* wine_sound.mp3 in Resources */,
				4392629322EDC10D000B67C6 /* samech.mp3 in Resources */,
				439262B222EE0581000B67C6 /* click_on_images_male.mp3 in Resources */,
				4392635E22EE064C000B67C6 /* pregnancy_sound.mp3 in Resources */,
				4392635B22EE064C000B67C6 /* pink_sound.mp3 in Resources */,
			);
			runOnlyForDeploymentPostprocessing = 0;
		};
		438146D022CF52CB00D7B306 /* Resources */ = {
			isa = PBXResourcesBuildPhase;
			buildActionMask = 2147483647;
			files = (
			);
			runOnlyForDeploymentPostprocessing = 0;
		};
		438146DB22CF52CB00D7B306 /* Resources */ = {
			isa = PBXResourcesBuildPhase;
			buildActionMask = 2147483647;
			files = (
			);
			runOnlyForDeploymentPostprocessing = 0;
		};
/* End PBXResourcesBuildPhase section */

/* Begin PBXShellScriptBuildPhase section */
		24E4E41867F246033A4A8917 /* [CP] Check Pods Manifest.lock */ = {
			isa = PBXShellScriptBuildPhase;
			buildActionMask = 2147483647;
			files = (
			);
			inputFileListPaths = (
			);
			inputPaths = (
				"${PODS_PODFILE_DIR_PATH}/Podfile.lock",
				"${PODS_ROOT}/Manifest.lock",
			);
			name = "[CP] Check Pods Manifest.lock";
			outputFileListPaths = (
			);
			outputPaths = (
				"$(DERIVED_FILE_DIR)/Pods-AlefAdTav-checkManifestLockResult.txt",
			);
			runOnlyForDeploymentPostprocessing = 0;
			shellPath = /bin/sh;
			shellScript = "diff \"${PODS_PODFILE_DIR_PATH}/Podfile.lock\" \"${PODS_ROOT}/Manifest.lock\" > /dev/null\nif [ $? != 0 ] ; then\n    # print error to STDERR\n    echo \"error: The sandbox is not in sync with the Podfile.lock. Run 'pod install' or update your CocoaPods installation.\" >&2\n    exit 1\nfi\n# This output is used by Xcode 'outputs' to avoid re-running this script phase.\necho \"SUCCESS\" > \"${SCRIPT_OUTPUT_FILE_0}\"\n";
			showEnvVarsInLog = 0;
		};
		2C5B2C11B35609E18E696B3C /* [CP] Check Pods Manifest.lock */ = {
			isa = PBXShellScriptBuildPhase;
			buildActionMask = 2147483647;
			files = (
			);
			inputFileListPaths = (
			);
			inputPaths = (
				"${PODS_PODFILE_DIR_PATH}/Podfile.lock",
				"${PODS_ROOT}/Manifest.lock",
			);
			name = "[CP] Check Pods Manifest.lock";
			outputFileListPaths = (
			);
			outputPaths = (
				"$(DERIVED_FILE_DIR)/Pods-AlefAdTavTests-checkManifestLockResult.txt",
			);
			runOnlyForDeploymentPostprocessing = 0;
			shellPath = /bin/sh;
			shellScript = "diff \"${PODS_PODFILE_DIR_PATH}/Podfile.lock\" \"${PODS_ROOT}/Manifest.lock\" > /dev/null\nif [ $? != 0 ] ; then\n    # print error to STDERR\n    echo \"error: The sandbox is not in sync with the Podfile.lock. Run 'pod install' or update your CocoaPods installation.\" >&2\n    exit 1\nfi\n# This output is used by Xcode 'outputs' to avoid re-running this script phase.\necho \"SUCCESS\" > \"${SCRIPT_OUTPUT_FILE_0}\"\n";
			showEnvVarsInLog = 0;
		};
		D29EA7D97388CD77208860EE /* [CP] Check Pods Manifest.lock */ = {
			isa = PBXShellScriptBuildPhase;
			buildActionMask = 2147483647;
			files = (
			);
			inputFileListPaths = (
			);
			inputPaths = (
				"${PODS_PODFILE_DIR_PATH}/Podfile.lock",
				"${PODS_ROOT}/Manifest.lock",
			);
			name = "[CP] Check Pods Manifest.lock";
			outputFileListPaths = (
			);
			outputPaths = (
				"$(DERIVED_FILE_DIR)/Pods-AlefAdTavUITests-checkManifestLockResult.txt",
			);
			runOnlyForDeploymentPostprocessing = 0;
			shellPath = /bin/sh;
			shellScript = "diff \"${PODS_PODFILE_DIR_PATH}/Podfile.lock\" \"${PODS_ROOT}/Manifest.lock\" > /dev/null\nif [ $? != 0 ] ; then\n    # print error to STDERR\n    echo \"error: The sandbox is not in sync with the Podfile.lock. Run 'pod install' or update your CocoaPods installation.\" >&2\n    exit 1\nfi\n# This output is used by Xcode 'outputs' to avoid re-running this script phase.\necho \"SUCCESS\" > \"${SCRIPT_OUTPUT_FILE_0}\"\n";
			showEnvVarsInLog = 0;
		};
/* End PBXShellScriptBuildPhase section */

/* Begin PBXSourcesBuildPhase section */
		438146BA22CF52C900D7B306 /* Sources */ = {
			isa = PBXSourcesBuildPhase;
			buildActionMask = 2147483647;
			files = (
				4392627422E87B15000B67C6 /* LetterProgressCell.swift in Sources */,
				432FFDDA22DCD28600ED81CF /* AppUtility.swift in Sources */,
				4392627722E9EBA7000B67C6 /* LetterGameViewController.swift in Sources */,
				438146C422CF52C900D7B306 /* MainViewController.swift in Sources */,
				432FFDDC22DCD76100ED81CF /* AllLettersViewController.swift in Sources */,
				432FFDD822D26A9100ED81CF /* SubjectViewController.swift in Sources */,
				4392626E22E76C24000B67C6 /* LetterWritingViewController.swift in Sources */,
				4392627922ED84BF000B67C6 /* LetterIntroViewController.swift in Sources */,
				438146C222CF52C900D7B306 /* AppDelegate.swift in Sources */,
			);
			runOnlyForDeploymentPostprocessing = 0;
		};
		438146CE22CF52CB00D7B306 /* Sources */ = {
			isa = PBXSourcesBuildPhase;
			buildActionMask = 2147483647;
			files = (
				438146D722CF52CB00D7B306 /* AlefAdTavTests.swift in Sources */,
			);
			runOnlyForDeploymentPostprocessing = 0;
		};
		438146D922CF52CB00D7B306 /* Sources */ = {
			isa = PBXSourcesBuildPhase;
			buildActionMask = 2147483647;
			files = (
				438146E222CF52CB00D7B306 /* AlefAdTavUITests.swift in Sources */,
			);
			runOnlyForDeploymentPostprocessing = 0;
		};
/* End PBXSourcesBuildPhase section */

/* Begin PBXTargetDependency section */
		438146D422CF52CB00D7B306 /* PBXTargetDependency */ = {
			isa = PBXTargetDependency;
			target = 438146BD22CF52C900D7B306 /* AlefAdTav */;
			targetProxy = 438146D322CF52CB00D7B306 /* PBXContainerItemProxy */;
		};
		438146DF22CF52CB00D7B306 /* PBXTargetDependency */ = {
			isa = PBXTargetDependency;
			target = 438146BD22CF52C900D7B306 /* AlefAdTav */;
			targetProxy = 438146DE22CF52CB00D7B306 /* PBXContainerItemProxy */;
		};
/* End PBXTargetDependency section */

/* Begin PBXVariantGroup section */
		438146C522CF52C900D7B306 /* Main.storyboard */ = {
			isa = PBXVariantGroup;
			children = (
				438146C622CF52C900D7B306 /* Base */,
			);
			name = Main.storyboard;
			sourceTree = "<group>";
		};
		438146CA22CF52CB00D7B306 /* LaunchScreen.storyboard */ = {
			isa = PBXVariantGroup;
			children = (
				438146CB22CF52CB00D7B306 /* Base */,
			);
			name = LaunchScreen.storyboard;
			sourceTree = "<group>";
		};
/* End PBXVariantGroup section */

/* Begin XCBuildConfiguration section */
		438146E422CF52CB00D7B306 /* Debug */ = {
			isa = XCBuildConfiguration;
			buildSettings = {
				ALWAYS_SEARCH_USER_PATHS = NO;
				CLANG_ANALYZER_NONNULL = YES;
				CLANG_ANALYZER_NUMBER_OBJECT_CONVERSION = YES_AGGRESSIVE;
				CLANG_CXX_LANGUAGE_STANDARD = "gnu++14";
				CLANG_CXX_LIBRARY = "libc++";
				CLANG_ENABLE_MODULES = YES;
				CLANG_ENABLE_OBJC_ARC = YES;
				CLANG_ENABLE_OBJC_WEAK = YES;
				CLANG_WARN_BLOCK_CAPTURE_AUTORELEASING = YES;
				CLANG_WARN_BOOL_CONVERSION = YES;
				CLANG_WARN_COMMA = YES;
				CLANG_WARN_CONSTANT_CONVERSION = YES;
				CLANG_WARN_DEPRECATED_OBJC_IMPLEMENTATIONS = YES;
				CLANG_WARN_DIRECT_OBJC_ISA_USAGE = YES_ERROR;
				CLANG_WARN_DOCUMENTATION_COMMENTS = YES;
				CLANG_WARN_EMPTY_BODY = YES;
				CLANG_WARN_ENUM_CONVERSION = YES;
				CLANG_WARN_INFINITE_RECURSION = YES;
				CLANG_WARN_INT_CONVERSION = YES;
				CLANG_WARN_NON_LITERAL_NULL_CONVERSION = YES;
				CLANG_WARN_OBJC_IMPLICIT_RETAIN_SELF = YES;
				CLANG_WARN_OBJC_LITERAL_CONVERSION = YES;
				CLANG_WARN_OBJC_ROOT_CLASS = YES_ERROR;
				CLANG_WARN_RANGE_LOOP_ANALYSIS = YES;
				CLANG_WARN_STRICT_PROTOTYPES = YES;
				CLANG_WARN_SUSPICIOUS_MOVE = YES;
				CLANG_WARN_UNGUARDED_AVAILABILITY = YES_AGGRESSIVE;
				CLANG_WARN_UNREACHABLE_CODE = YES;
				CLANG_WARN__DUPLICATE_METHOD_MATCH = YES;
				CODE_SIGN_IDENTITY = "iPhone Developer";
				COPY_PHASE_STRIP = NO;
				DEBUG_INFORMATION_FORMAT = dwarf;
				ENABLE_STRICT_OBJC_MSGSEND = YES;
				ENABLE_TESTABILITY = YES;
				GCC_C_LANGUAGE_STANDARD = gnu11;
				GCC_DYNAMIC_NO_PIC = NO;
				GCC_NO_COMMON_BLOCKS = YES;
				GCC_OPTIMIZATION_LEVEL = 0;
				GCC_PREPROCESSOR_DEFINITIONS = (
					"DEBUG=1",
					"$(inherited)",
				);
				GCC_WARN_64_TO_32_BIT_CONVERSION = YES;
				GCC_WARN_ABOUT_RETURN_TYPE = YES_ERROR;
				GCC_WARN_UNDECLARED_SELECTOR = YES;
				GCC_WARN_UNINITIALIZED_AUTOS = YES_AGGRESSIVE;
				GCC_WARN_UNUSED_FUNCTION = YES;
				GCC_WARN_UNUSED_VARIABLE = YES;
				IPHONEOS_DEPLOYMENT_TARGET = 12.2;
				MTL_ENABLE_DEBUG_INFO = INCLUDE_SOURCE;
				MTL_FAST_MATH = YES;
				ONLY_ACTIVE_ARCH = YES;
				SDKROOT = iphoneos;
				SWIFT_ACTIVE_COMPILATION_CONDITIONS = DEBUG;
				SWIFT_OPTIMIZATION_LEVEL = "-Onone";
			};
			name = Debug;
		};
		438146E522CF52CB00D7B306 /* Release */ = {
			isa = XCBuildConfiguration;
			buildSettings = {
				ALWAYS_SEARCH_USER_PATHS = NO;
				CLANG_ANALYZER_NONNULL = YES;
				CLANG_ANALYZER_NUMBER_OBJECT_CONVERSION = YES_AGGRESSIVE;
				CLANG_CXX_LANGUAGE_STANDARD = "gnu++14";
				CLANG_CXX_LIBRARY = "libc++";
				CLANG_ENABLE_MODULES = YES;
				CLANG_ENABLE_OBJC_ARC = YES;
				CLANG_ENABLE_OBJC_WEAK = YES;
				CLANG_WARN_BLOCK_CAPTURE_AUTORELEASING = YES;
				CLANG_WARN_BOOL_CONVERSION = YES;
				CLANG_WARN_COMMA = YES;
				CLANG_WARN_CONSTANT_CONVERSION = YES;
				CLANG_WARN_DEPRECATED_OBJC_IMPLEMENTATIONS = YES;
				CLANG_WARN_DIRECT_OBJC_ISA_USAGE = YES_ERROR;
				CLANG_WARN_DOCUMENTATION_COMMENTS = YES;
				CLANG_WARN_EMPTY_BODY = YES;
				CLANG_WARN_ENUM_CONVERSION = YES;
				CLANG_WARN_INFINITE_RECURSION = YES;
				CLANG_WARN_INT_CONVERSION = YES;
				CLANG_WARN_NON_LITERAL_NULL_CONVERSION = YES;
				CLANG_WARN_OBJC_IMPLICIT_RETAIN_SELF = YES;
				CLANG_WARN_OBJC_LITERAL_CONVERSION = YES;
				CLANG_WARN_OBJC_ROOT_CLASS = YES_ERROR;
				CLANG_WARN_RANGE_LOOP_ANALYSIS = YES;
				CLANG_WARN_STRICT_PROTOTYPES = YES;
				CLANG_WARN_SUSPICIOUS_MOVE = YES;
				CLANG_WARN_UNGUARDED_AVAILABILITY = YES_AGGRESSIVE;
				CLANG_WARN_UNREACHABLE_CODE = YES;
				CLANG_WARN__DUPLICATE_METHOD_MATCH = YES;
				CODE_SIGN_IDENTITY = "iPhone Developer";
				COPY_PHASE_STRIP = NO;
				DEBUG_INFORMATION_FORMAT = "dwarf-with-dsym";
				ENABLE_NS_ASSERTIONS = NO;
				ENABLE_STRICT_OBJC_MSGSEND = YES;
				GCC_C_LANGUAGE_STANDARD = gnu11;
				GCC_NO_COMMON_BLOCKS = YES;
				GCC_WARN_64_TO_32_BIT_CONVERSION = YES;
				GCC_WARN_ABOUT_RETURN_TYPE = YES_ERROR;
				GCC_WARN_UNDECLARED_SELECTOR = YES;
				GCC_WARN_UNINITIALIZED_AUTOS = YES_AGGRESSIVE;
				GCC_WARN_UNUSED_FUNCTION = YES;
				GCC_WARN_UNUSED_VARIABLE = YES;
				IPHONEOS_DEPLOYMENT_TARGET = 12.2;
				MTL_ENABLE_DEBUG_INFO = NO;
				MTL_FAST_MATH = YES;
				SDKROOT = iphoneos;
				SWIFT_COMPILATION_MODE = wholemodule;
				SWIFT_OPTIMIZATION_LEVEL = "-O";
				VALIDATE_PRODUCT = YES;
			};
			name = Release;
		};
		438146E722CF52CB00D7B306 /* Debug */ = {
			isa = XCBuildConfiguration;
			baseConfigurationReference = 30E492BF3FA7C4531DD650BA /* Pods-AlefAdTav.debug.xcconfig */;
			buildSettings = {
				ASSETCATALOG_COMPILER_APPICON_NAME = AppIcon;
				CODE_SIGN_STYLE = Automatic;
				DEVELOPMENT_TEAM = 2HSW24WYYS;
				INFOPLIST_FILE = AlefAdTav/Info.plist;
				LD_RUNPATH_SEARCH_PATHS = (
					"$(inherited)",
					"@executable_path/Frameworks",
				);
				PRODUCT_BUNDLE_IDENTIFIER = "Sapir-Kalbin-Ltd.AlefAdTav";
				PRODUCT_NAME = "$(TARGET_NAME)";
				SWIFT_VERSION = 5.0;
				TARGETED_DEVICE_FAMILY = "1,2";
			};
			name = Debug;
		};
		438146E822CF52CB00D7B306 /* Release */ = {
			isa = XCBuildConfiguration;
			baseConfigurationReference = 4A080B42E8C23F5F3669D486 /* Pods-AlefAdTav.release.xcconfig */;
			buildSettings = {
				ASSETCATALOG_COMPILER_APPICON_NAME = AppIcon;
				CODE_SIGN_STYLE = Automatic;
				DEVELOPMENT_TEAM = 2HSW24WYYS;
				INFOPLIST_FILE = AlefAdTav/Info.plist;
				LD_RUNPATH_SEARCH_PATHS = (
					"$(inherited)",
					"@executable_path/Frameworks",
				);
				PRODUCT_BUNDLE_IDENTIFIER = "Sapir-Kalbin-Ltd.AlefAdTav";
				PRODUCT_NAME = "$(TARGET_NAME)";
				SWIFT_VERSION = 5.0;
				TARGETED_DEVICE_FAMILY = "1,2";
			};
			name = Release;
		};
		438146EA22CF52CB00D7B306 /* Debug */ = {
			isa = XCBuildConfiguration;
			baseConfigurationReference = BC1C938F001B735DA63DBC09 /* Pods-AlefAdTavTests.debug.xcconfig */;
			buildSettings = {
				ALWAYS_EMBED_SWIFT_STANDARD_LIBRARIES = YES;
				BUNDLE_LOADER = "$(TEST_HOST)";
				CODE_SIGN_STYLE = Automatic;
				INFOPLIST_FILE = AlefAdTavTests/Info.plist;
				LD_RUNPATH_SEARCH_PATHS = (
					"$(inherited)",
					"@executable_path/Frameworks",
					"@loader_path/Frameworks",
				);
				PRODUCT_BUNDLE_IDENTIFIER = "Sapir-Kalbin-Ltd.AlefAdTavTests";
				PRODUCT_NAME = "$(TARGET_NAME)";
				SWIFT_VERSION = 5.0;
				TARGETED_DEVICE_FAMILY = "1,2";
				TEST_HOST = "$(BUILT_PRODUCTS_DIR)/AlefAdTav.app/AlefAdTav";
			};
			name = Debug;
		};
		438146EB22CF52CB00D7B306 /* Release */ = {
			isa = XCBuildConfiguration;
			baseConfigurationReference = 46BDB96522F7D0C0F87D6897 /* Pods-AlefAdTavTests.release.xcconfig */;
			buildSettings = {
				ALWAYS_EMBED_SWIFT_STANDARD_LIBRARIES = YES;
				BUNDLE_LOADER = "$(TEST_HOST)";
				CODE_SIGN_STYLE = Automatic;
				INFOPLIST_FILE = AlefAdTavTests/Info.plist;
				LD_RUNPATH_SEARCH_PATHS = (
					"$(inherited)",
					"@executable_path/Frameworks",
					"@loader_path/Frameworks",
				);
				PRODUCT_BUNDLE_IDENTIFIER = "Sapir-Kalbin-Ltd.AlefAdTavTests";
				PRODUCT_NAME = "$(TARGET_NAME)";
				SWIFT_VERSION = 5.0;
				TARGETED_DEVICE_FAMILY = "1,2";
				TEST_HOST = "$(BUILT_PRODUCTS_DIR)/AlefAdTav.app/AlefAdTav";
			};
			name = Release;
		};
		438146ED22CF52CB00D7B306 /* Debug */ = {
			isa = XCBuildConfiguration;
			baseConfigurationReference = 3C9AF046FE790A720767B1E9 /* Pods-AlefAdTavUITests.debug.xcconfig */;
			buildSettings = {
				ALWAYS_EMBED_SWIFT_STANDARD_LIBRARIES = YES;
				CODE_SIGN_STYLE = Automatic;
				INFOPLIST_FILE = AlefAdTavUITests/Info.plist;
				LD_RUNPATH_SEARCH_PATHS = (
					"$(inherited)",
					"@executable_path/Frameworks",
					"@loader_path/Frameworks",
				);
				PRODUCT_BUNDLE_IDENTIFIER = "Sapir-Kalbin-Ltd.AlefAdTavUITests";
				PRODUCT_NAME = "$(TARGET_NAME)";
				SWIFT_VERSION = 5.0;
				TARGETED_DEVICE_FAMILY = "1,2";
				TEST_TARGET_NAME = AlefAdTav;
			};
			name = Debug;
		};
		438146EE22CF52CB00D7B306 /* Release */ = {
			isa = XCBuildConfiguration;
			baseConfigurationReference = EAAE39AC2451844A55F03499 /* Pods-AlefAdTavUITests.release.xcconfig */;
			buildSettings = {
				ALWAYS_EMBED_SWIFT_STANDARD_LIBRARIES = YES;
				CODE_SIGN_STYLE = Automatic;
				INFOPLIST_FILE = AlefAdTavUITests/Info.plist;
				LD_RUNPATH_SEARCH_PATHS = (
					"$(inherited)",
					"@executable_path/Frameworks",
					"@loader_path/Frameworks",
				);
				PRODUCT_BUNDLE_IDENTIFIER = "Sapir-Kalbin-Ltd.AlefAdTavUITests";
				PRODUCT_NAME = "$(TARGET_NAME)";
				SWIFT_VERSION = 5.0;
				TARGETED_DEVICE_FAMILY = "1,2";
				TEST_TARGET_NAME = AlefAdTav;
			};
			name = Release;
		};
/* End XCBuildConfiguration section */

/* Begin XCConfigurationList section */
		438146B922CF52C900D7B306 /* Build configuration list for PBXProject "AlefAdTav" */ = {
			isa = XCConfigurationList;
			buildConfigurations = (
				438146E422CF52CB00D7B306 /* Debug */,
				438146E522CF52CB00D7B306 /* Release */,
			);
			defaultConfigurationIsVisible = 0;
			defaultConfigurationName = Release;
		};
		438146E622CF52CB00D7B306 /* Build configuration list for PBXNativeTarget "AlefAdTav" */ = {
			isa = XCConfigurationList;
			buildConfigurations = (
				438146E722CF52CB00D7B306 /* Debug */,
				438146E822CF52CB00D7B306 /* Release */,
			);
			defaultConfigurationIsVisible = 0;
			defaultConfigurationName = Release;
		};
		438146E922CF52CB00D7B306 /* Build configuration list for PBXNativeTarget "AlefAdTavTests" */ = {
			isa = XCConfigurationList;
			buildConfigurations = (
				438146EA22CF52CB00D7B306 /* Debug */,
				438146EB22CF52CB00D7B306 /* Release */,
			);
			defaultConfigurationIsVisible = 0;
			defaultConfigurationName = Release;
		};
		438146EC22CF52CB00D7B306 /* Build configuration list for PBXNativeTarget "AlefAdTavUITests" */ = {
			isa = XCConfigurationList;
			buildConfigurations = (
				438146ED22CF52CB00D7B306 /* Debug */,
				438146EE22CF52CB00D7B306 /* Release */,
			);
			defaultConfigurationIsVisible = 0;
			defaultConfigurationName = Release;
		};
/* End XCConfigurationList section */
	};
	rootObject = 438146B622CF52C900D7B306 /* Project object */;
}
